// !$*UTF8*$!
{
	archiveVersion = 1;
	classes = {
	};
	objectVersion = 56;
	objects = {

/* Begin PBXBuildFile section */
		33BA6C4E2B7E629D004AA232 /* ThemeColor.swift in Sources */ = {isa = PBXBuildFile; fileRef = 33BA6C4D2B7E629D004AA232 /* ThemeColor.swift */; };
		33BA6C512B7E631B004AA232 /* UIColor+.swift in Sources */ = {isa = PBXBuildFile; fileRef = 33BA6C502B7E631B004AA232 /* UIColor+.swift */; };
		560DFC042B7E5B6B00487736 /* AppDelegate.swift in Sources */ = {isa = PBXBuildFile; fileRef = 560DFC032B7E5B6B00487736 /* AppDelegate.swift */; };
		560DFC062B7E5B6B00487736 /* SceneDelegate.swift in Sources */ = {isa = PBXBuildFile; fileRef = 560DFC052B7E5B6B00487736 /* SceneDelegate.swift */; };
		560DFC0B2B7E5B6B00487736 /* Main.storyboard in Resources */ = {isa = PBXBuildFile; fileRef = 560DFC092B7E5B6B00487736 /* Main.storyboard */; };
		560DFC0D2B7E5B7000487736 /* Assets.xcassets in Resources */ = {isa = PBXBuildFile; fileRef = 560DFC0C2B7E5B7000487736 /* Assets.xcassets */; };
		560DFC102B7E5B7000487736 /* LaunchScreen.storyboard in Resources */ = {isa = PBXBuildFile; fileRef = 560DFC0E2B7E5B7000487736 /* LaunchScreen.storyboard */; };
		DBA97AAC2B7E670600C4D6BB /* SnapKit in Frameworks */ = {isa = PBXBuildFile; productRef = DBA97AAB2B7E670600C4D6BB /* SnapKit */; };
		DBA97AAE2B7EEB9300C4D6BB /* TabBarController.swift in Sources */ = {isa = PBXBuildFile; fileRef = DBA97AAD2B7EEB9300C4D6BB /* TabBarController.swift */; };
		DBA97AB02B7EEBEA00C4D6BB /* TabBarView.swift in Sources */ = {isa = PBXBuildFile; fileRef = DBA97AAF2B7EEBEA00C4D6BB /* TabBarView.swift */; };
		DBA97AB22B7EEC8900C4D6BB /* DailyViewController.swift in Sources */ = {isa = PBXBuildFile; fileRef = DBA97AB12B7EEC8900C4D6BB /* DailyViewController.swift */; };
		DBA97AB42B7EEC9F00C4D6BB /* InfoViewController.swift in Sources */ = {isa = PBXBuildFile; fileRef = DBA97AB32B7EEC9F00C4D6BB /* InfoViewController.swift */; };
		DBA97AB62B7EECAB00C4D6BB /* LocationViewController.swift in Sources */ = {isa = PBXBuildFile; fileRef = DBA97AB52B7EECAB00C4D6BB /* LocationViewController.swift */; };
		DBA97AB82B7EECB900C4D6BB /* MyPageViewController.swift in Sources */ = {isa = PBXBuildFile; fileRef = DBA97AB72B7EECB900C4D6BB /* MyPageViewController.swift */; };
		DBA97ABA2B7EEE3200C4D6BB /* BaseViewController.swift in Sources */ = {isa = PBXBuildFile; fileRef = DBA97AB92B7EEE3200C4D6BB /* BaseViewController.swift */; };
		DBA97ABD2B7EEF5300C4D6BB /* FirebaseAnalytics in Frameworks */ = {isa = PBXBuildFile; productRef = DBA97ABC2B7EEF5300C4D6BB /* FirebaseAnalytics */; };
		DBA97ABF2B7EEF5300C4D6BB /* FirebaseAnalyticsOnDeviceConversion in Frameworks */ = {isa = PBXBuildFile; productRef = DBA97ABE2B7EEF5300C4D6BB /* FirebaseAnalyticsOnDeviceConversion */; };
		DBA97AC12B7EEF5300C4D6BB /* FirebaseAnalyticsSwift in Frameworks */ = {isa = PBXBuildFile; productRef = DBA97AC02B7EEF5300C4D6BB /* FirebaseAnalyticsSwift */; };
		DBA97AC32B7EEF5300C4D6BB /* FirebaseAnalyticsWithoutAdIdSupport in Frameworks */ = {isa = PBXBuildFile; productRef = DBA97AC22B7EEF5300C4D6BB /* FirebaseAnalyticsWithoutAdIdSupport */; };
		DBA97AC52B7EEF5300C4D6BB /* FirebaseAppCheck in Frameworks */ = {isa = PBXBuildFile; productRef = DBA97AC42B7EEF5300C4D6BB /* FirebaseAppCheck */; };
		DBA97AC72B7EEF5300C4D6BB /* FirebaseAppDistribution-Beta in Frameworks */ = {isa = PBXBuildFile; productRef = DBA97AC62B7EEF5300C4D6BB /* FirebaseAppDistribution-Beta */; };
		DBA97AC92B7EEF5300C4D6BB /* FirebaseAuth in Frameworks */ = {isa = PBXBuildFile; productRef = DBA97AC82B7EEF5300C4D6BB /* FirebaseAuth */; };
		DBA97ACB2B7EEF5300C4D6BB /* FirebaseAuthCombine-Community in Frameworks */ = {isa = PBXBuildFile; productRef = DBA97ACA2B7EEF5300C4D6BB /* FirebaseAuthCombine-Community */; };
		DBA97ACD2B7EEF5300C4D6BB /* FirebaseCrashlytics in Frameworks */ = {isa = PBXBuildFile; productRef = DBA97ACC2B7EEF5300C4D6BB /* FirebaseCrashlytics */; };
		DBA97ACF2B7EEF5300C4D6BB /* FirebaseDatabase in Frameworks */ = {isa = PBXBuildFile; productRef = DBA97ACE2B7EEF5300C4D6BB /* FirebaseDatabase */; };
		DBA97AD12B7EEF5300C4D6BB /* FirebaseDatabaseSwift in Frameworks */ = {isa = PBXBuildFile; productRef = DBA97AD02B7EEF5300C4D6BB /* FirebaseDatabaseSwift */; };
		DBA97AD32B7EEF5300C4D6BB /* FirebaseDynamicLinks in Frameworks */ = {isa = PBXBuildFile; productRef = DBA97AD22B7EEF5300C4D6BB /* FirebaseDynamicLinks */; };
		DBA97AD52B7EEF5300C4D6BB /* FirebaseFirestore in Frameworks */ = {isa = PBXBuildFile; productRef = DBA97AD42B7EEF5300C4D6BB /* FirebaseFirestore */; };
		DBA97AD72B7EEF5300C4D6BB /* FirebaseFirestoreCombine-Community in Frameworks */ = {isa = PBXBuildFile; productRef = DBA97AD62B7EEF5300C4D6BB /* FirebaseFirestoreCombine-Community */; };
		DBA97AD92B7EEF5300C4D6BB /* FirebaseFirestoreSwift in Frameworks */ = {isa = PBXBuildFile; productRef = DBA97AD82B7EEF5300C4D6BB /* FirebaseFirestoreSwift */; };
		DBA97ADB2B7EEF5300C4D6BB /* FirebaseFunctions in Frameworks */ = {isa = PBXBuildFile; productRef = DBA97ADA2B7EEF5300C4D6BB /* FirebaseFunctions */; };
		DBA97ADD2B7EEF5300C4D6BB /* FirebaseFunctionsCombine-Community in Frameworks */ = {isa = PBXBuildFile; productRef = DBA97ADC2B7EEF5300C4D6BB /* FirebaseFunctionsCombine-Community */; };
		DBA97ADF2B7EEF5300C4D6BB /* FirebaseInAppMessaging-Beta in Frameworks */ = {isa = PBXBuildFile; productRef = DBA97ADE2B7EEF5300C4D6BB /* FirebaseInAppMessaging-Beta */; };
		DBA97AE12B7EEF5300C4D6BB /* FirebaseInAppMessagingSwift-Beta in Frameworks */ = {isa = PBXBuildFile; productRef = DBA97AE02B7EEF5300C4D6BB /* FirebaseInAppMessagingSwift-Beta */; };
		DBA97AE32B7EEF5300C4D6BB /* FirebaseInstallations in Frameworks */ = {isa = PBXBuildFile; productRef = DBA97AE22B7EEF5300C4D6BB /* FirebaseInstallations */; };
		DBA97AE52B7EEF5300C4D6BB /* FirebaseMLModelDownloader in Frameworks */ = {isa = PBXBuildFile; productRef = DBA97AE42B7EEF5300C4D6BB /* FirebaseMLModelDownloader */; };
		DBA97AE72B7EEF5300C4D6BB /* FirebaseMessaging in Frameworks */ = {isa = PBXBuildFile; productRef = DBA97AE62B7EEF5300C4D6BB /* FirebaseMessaging */; };
		DBA97AE92B7EEF5300C4D6BB /* FirebasePerformance in Frameworks */ = {isa = PBXBuildFile; productRef = DBA97AE82B7EEF5300C4D6BB /* FirebasePerformance */; };
		DBA97AEB2B7EEF5300C4D6BB /* FirebaseRemoteConfig in Frameworks */ = {isa = PBXBuildFile; productRef = DBA97AEA2B7EEF5300C4D6BB /* FirebaseRemoteConfig */; };
		DBA97AED2B7EEF5300C4D6BB /* FirebaseRemoteConfigSwift in Frameworks */ = {isa = PBXBuildFile; productRef = DBA97AEC2B7EEF5300C4D6BB /* FirebaseRemoteConfigSwift */; };
		DBA97AEF2B7EEF5300C4D6BB /* FirebaseStorage in Frameworks */ = {isa = PBXBuildFile; productRef = DBA97AEE2B7EEF5300C4D6BB /* FirebaseStorage */; };
		DBA97AF12B7EEF5300C4D6BB /* FirebaseStorageCombine-Community in Frameworks */ = {isa = PBXBuildFile; productRef = DBA97AF02B7EEF5300C4D6BB /* FirebaseStorageCombine-Community */; };
		DBA97AF42B7EF1BA00C4D6BB /* IntroViewController.swift in Sources */ = {isa = PBXBuildFile; fileRef = DBA97AF32B7EF1BA00C4D6BB /* IntroViewController.swift */; };
		DBA97AF62B7EF20F00C4D6BB /* DataManager.swift in Sources */ = {isa = PBXBuildFile; fileRef = DBA97AF52B7EF20F00C4D6BB /* DataManager.swift */; };
		DBA97AF82B7EF23400C4D6BB /* UserModel.swift in Sources */ = {isa = PBXBuildFile; fileRef = DBA97AF72B7EF23400C4D6BB /* UserModel.swift */; };
		DBA97AFA2B7EF25F00C4D6BB /* Pet.swift in Sources */ = {isa = PBXBuildFile; fileRef = DBA97AF92B7EF25F00C4D6BB /* Pet.swift */; };
		DBA97AFC2B7EF39400C4D6BB /* BaseHeaderViewController.swift in Sources */ = {isa = PBXBuildFile; fileRef = DBA97AFB2B7EF39400C4D6BB /* BaseHeaderViewController.swift */; };
		DBA97AFE2B7EF3BB00C4D6BB /* CommonHeaderView.swift in Sources */ = {isa = PBXBuildFile; fileRef = DBA97AFD2B7EF3BB00C4D6BB /* CommonHeaderView.swift */; };
		DBA97B002B7EF43300C4D6BB /* CommonHeaderView.xib in Resources */ = {isa = PBXBuildFile; fileRef = DBA97AFF2B7EF43300C4D6BB /* CommonHeaderView.xib */; };
		DBA97B022B7EF47600C4D6BB /* Common.swift in Sources */ = {isa = PBXBuildFile; fileRef = DBA97B012B7EF47600C4D6BB /* Common.swift */; };
		DBA97B042B7EF82C00C4D6BB /* UIView+Extension.swift in Sources */ = {isa = PBXBuildFile; fileRef = DBA97B032B7EF82C00C4D6BB /* UIView+Extension.swift */; };
		DBA97B062B7EF86600C4D6BB /* CommonUtil.swift in Sources */ = {isa = PBXBuildFile; fileRef = DBA97B052B7EF86600C4D6BB /* CommonUtil.swift */; };
		DBDBA40C2B7EFB18004C10C3 /* GoogleService-Info.plist in Resources */ = {isa = PBXBuildFile; fileRef = DBDBA40B2B7EFB18004C10C3 /* GoogleService-Info.plist */; };
		DBDBA4152B7F03F2004C10C3 /* launch-screen.gif in Resources */ = {isa = PBXBuildFile; fileRef = DBDBA4142B7F03F2004C10C3 /* launch-screen.gif */; };
/* End PBXBuildFile section */

/* Begin PBXFileReference section */
		33BA6C4D2B7E629D004AA232 /* ThemeColor.swift */ = {isa = PBXFileReference; lastKnownFileType = sourcecode.swift; path = ThemeColor.swift; sourceTree = "<group>"; };
		33BA6C502B7E631B004AA232 /* UIColor+.swift */ = {isa = PBXFileReference; lastKnownFileType = sourcecode.swift; path = "UIColor+.swift"; sourceTree = "<group>"; };
		560DFC002B7E5B6B00487736 /* Petmily.ios.app */ = {isa = PBXFileReference; explicitFileType = wrapper.application; includeInIndex = 0; path = Petmily.ios.app; sourceTree = BUILT_PRODUCTS_DIR; };
		560DFC032B7E5B6B00487736 /* AppDelegate.swift */ = {isa = PBXFileReference; lastKnownFileType = sourcecode.swift; path = AppDelegate.swift; sourceTree = "<group>"; };
		560DFC052B7E5B6B00487736 /* SceneDelegate.swift */ = {isa = PBXFileReference; lastKnownFileType = sourcecode.swift; path = SceneDelegate.swift; sourceTree = "<group>"; };
		560DFC0A2B7E5B6B00487736 /* Base */ = {isa = PBXFileReference; lastKnownFileType = file.storyboard; name = Base; path = Base.lproj/Main.storyboard; sourceTree = "<group>"; };
		560DFC0C2B7E5B7000487736 /* Assets.xcassets */ = {isa = PBXFileReference; lastKnownFileType = folder.assetcatalog; path = Assets.xcassets; sourceTree = "<group>"; };
		560DFC0F2B7E5B7000487736 /* Base */ = {isa = PBXFileReference; lastKnownFileType = file.storyboard; name = Base; path = Base.lproj/LaunchScreen.storyboard; sourceTree = "<group>"; };
		560DFC112B7E5B7000487736 /* Info.plist */ = {isa = PBXFileReference; lastKnownFileType = text.plist.xml; path = Info.plist; sourceTree = "<group>"; };
		DBA97AAD2B7EEB9300C4D6BB /* TabBarController.swift */ = {isa = PBXFileReference; lastKnownFileType = sourcecode.swift; path = TabBarController.swift; sourceTree = "<group>"; };
		DBA97AAF2B7EEBEA00C4D6BB /* TabBarView.swift */ = {isa = PBXFileReference; lastKnownFileType = sourcecode.swift; path = TabBarView.swift; sourceTree = "<group>"; };
		DBA97AB12B7EEC8900C4D6BB /* DailyViewController.swift */ = {isa = PBXFileReference; lastKnownFileType = sourcecode.swift; path = DailyViewController.swift; sourceTree = "<group>"; };
		DBA97AB32B7EEC9F00C4D6BB /* InfoViewController.swift */ = {isa = PBXFileReference; lastKnownFileType = sourcecode.swift; path = InfoViewController.swift; sourceTree = "<group>"; };
		DBA97AB52B7EECAB00C4D6BB /* LocationViewController.swift */ = {isa = PBXFileReference; lastKnownFileType = sourcecode.swift; path = LocationViewController.swift; sourceTree = "<group>"; };
		DBA97AB72B7EECB900C4D6BB /* MyPageViewController.swift */ = {isa = PBXFileReference; lastKnownFileType = sourcecode.swift; path = MyPageViewController.swift; sourceTree = "<group>"; };
		DBA97AB92B7EEE3200C4D6BB /* BaseViewController.swift */ = {isa = PBXFileReference; lastKnownFileType = sourcecode.swift; path = BaseViewController.swift; sourceTree = "<group>"; };
		DBA97AF32B7EF1BA00C4D6BB /* IntroViewController.swift */ = {isa = PBXFileReference; lastKnownFileType = sourcecode.swift; path = IntroViewController.swift; sourceTree = "<group>"; };
		DBA97AF52B7EF20F00C4D6BB /* DataManager.swift */ = {isa = PBXFileReference; lastKnownFileType = sourcecode.swift; path = DataManager.swift; sourceTree = "<group>"; };
		DBA97AF72B7EF23400C4D6BB /* UserModel.swift */ = {isa = PBXFileReference; lastKnownFileType = sourcecode.swift; path = UserModel.swift; sourceTree = "<group>"; };
		DBA97AF92B7EF25F00C4D6BB /* Pet.swift */ = {isa = PBXFileReference; lastKnownFileType = sourcecode.swift; path = Pet.swift; sourceTree = "<group>"; };
		DBA97AFB2B7EF39400C4D6BB /* BaseHeaderViewController.swift */ = {isa = PBXFileReference; lastKnownFileType = sourcecode.swift; path = BaseHeaderViewController.swift; sourceTree = "<group>"; };
		DBA97AFD2B7EF3BB00C4D6BB /* CommonHeaderView.swift */ = {isa = PBXFileReference; lastKnownFileType = sourcecode.swift; path = CommonHeaderView.swift; sourceTree = "<group>"; };
		DBA97AFF2B7EF43300C4D6BB /* CommonHeaderView.xib */ = {isa = PBXFileReference; fileEncoding = 4; lastKnownFileType = file.xib; path = CommonHeaderView.xib; sourceTree = "<group>"; };
		DBA97B012B7EF47600C4D6BB /* Common.swift */ = {isa = PBXFileReference; lastKnownFileType = sourcecode.swift; path = Common.swift; sourceTree = "<group>"; };
		DBA97B032B7EF82C00C4D6BB /* UIView+Extension.swift */ = {isa = PBXFileReference; lastKnownFileType = sourcecode.swift; path = "UIView+Extension.swift"; sourceTree = "<group>"; };
		DBA97B052B7EF86600C4D6BB /* CommonUtil.swift */ = {isa = PBXFileReference; lastKnownFileType = sourcecode.swift; path = CommonUtil.swift; sourceTree = "<group>"; };
		DBDBA40B2B7EFB18004C10C3 /* GoogleService-Info.plist */ = {isa = PBXFileReference; fileEncoding = 4; lastKnownFileType = text.plist.xml; path = "GoogleService-Info.plist"; sourceTree = "<group>"; };
		DBDBA4142B7F03F2004C10C3 /* launch-screen.gif */ = {isa = PBXFileReference; lastKnownFileType = image.gif; path = "launch-screen.gif"; sourceTree = "<group>"; };
/* End PBXFileReference section */

/* Begin PBXFrameworksBuildPhase section */
		560DFBFD2B7E5B6B00487736 /* Frameworks */ = {
			isa = PBXFrameworksBuildPhase;
			buildActionMask = 2147483647;
			files = (
				DBA97ADB2B7EEF5300C4D6BB /* FirebaseFunctions in Frameworks */,
				DBA97AD12B7EEF5300C4D6BB /* FirebaseDatabaseSwift in Frameworks */,
				DBA97AE12B7EEF5300C4D6BB /* FirebaseInAppMessagingSwift-Beta in Frameworks */,
				DBA97AE72B7EEF5300C4D6BB /* FirebaseMessaging in Frameworks */,
				DBA97AC72B7EEF5300C4D6BB /* FirebaseAppDistribution-Beta in Frameworks */,
				DBA97ACB2B7EEF5300C4D6BB /* FirebaseAuthCombine-Community in Frameworks */,
				DBA97AD72B7EEF5300C4D6BB /* FirebaseFirestoreCombine-Community in Frameworks */,
				DBA97AC12B7EEF5300C4D6BB /* FirebaseAnalyticsSwift in Frameworks */,
				DBA97AE52B7EEF5300C4D6BB /* FirebaseMLModelDownloader in Frameworks */,
				DBA97AC32B7EEF5300C4D6BB /* FirebaseAnalyticsWithoutAdIdSupport in Frameworks */,
				DBA97ABD2B7EEF5300C4D6BB /* FirebaseAnalytics in Frameworks */,
				DBA97AD92B7EEF5300C4D6BB /* FirebaseFirestoreSwift in Frameworks */,
				DBA97ABF2B7EEF5300C4D6BB /* FirebaseAnalyticsOnDeviceConversion in Frameworks */,
				DBA97AC52B7EEF5300C4D6BB /* FirebaseAppCheck in Frameworks */,
				DBA97AE92B7EEF5300C4D6BB /* FirebasePerformance in Frameworks */,
				DBA97ADF2B7EEF5300C4D6BB /* FirebaseInAppMessaging-Beta in Frameworks */,
				DBA97ADD2B7EEF5300C4D6BB /* FirebaseFunctionsCombine-Community in Frameworks */,
				DBA97ACD2B7EEF5300C4D6BB /* FirebaseCrashlytics in Frameworks */,
				DBA97AE32B7EEF5300C4D6BB /* FirebaseInstallations in Frameworks */,
				DBA97AEB2B7EEF5300C4D6BB /* FirebaseRemoteConfig in Frameworks */,
				DBA97AEF2B7EEF5300C4D6BB /* FirebaseStorage in Frameworks */,
				DBA97ACF2B7EEF5300C4D6BB /* FirebaseDatabase in Frameworks */,
				DBA97AF12B7EEF5300C4D6BB /* FirebaseStorageCombine-Community in Frameworks */,
				DBA97AAC2B7E670600C4D6BB /* SnapKit in Frameworks */,
				DBA97AC92B7EEF5300C4D6BB /* FirebaseAuth in Frameworks */,
				DBA97AD32B7EEF5300C4D6BB /* FirebaseDynamicLinks in Frameworks */,
				DBA97AD52B7EEF5300C4D6BB /* FirebaseFirestore in Frameworks */,
				DBA97AED2B7EEF5300C4D6BB /* FirebaseRemoteConfigSwift in Frameworks */,
			);
			runOnlyForDeploymentPostprocessing = 0;
		};
/* End PBXFrameworksBuildPhase section */

/* Begin PBXGroup section */
		33BA6C4F2B7E6309004AA232 /* DesignSource */ = {
			isa = PBXGroup;
			children = (
				33BA6C4D2B7E629D004AA232 /* ThemeColor.swift */,
			);
			path = DesignSource;
			sourceTree = "<group>";
		};
		33BA6C522B7E6322004AA232 /* Extension */ = {
			isa = PBXGroup;
			children = (
				33BA6C502B7E631B004AA232 /* UIColor+.swift */,
			);
			path = Extension;
			sourceTree = "<group>";
		};
		560DFBF72B7E5B6B00487736 = {
			isa = PBXGroup;
			children = (
				560DFC022B7E5B6B00487736 /* Petmily.ios */,
				560DFC012B7E5B6B00487736 /* Products */,
			);
			sourceTree = "<group>";
		};
		560DFC012B7E5B6B00487736 /* Products */ = {
			isa = PBXGroup;
			children = (
				560DFC002B7E5B6B00487736 /* Petmily.ios.app */,
			);
			name = Products;
			sourceTree = "<group>";
		};
		560DFC022B7E5B6B00487736 /* Petmily.ios */ = {
			isa = PBXGroup;
			children = (
				560DFC032B7E5B6B00487736 /* AppDelegate.swift */,
				560DFC052B7E5B6B00487736 /* SceneDelegate.swift */,
				DBDBA40F2B7F0220004C10C3 /* ViewController */,
				DBDBA4122B7F02CD004C10C3 /* Base */,
				DBDBA40E2B7F0219004C10C3 /* Util */,
				DBDBA40D2B7F020F004C10C3 /* Model */,
				33BA6C4F2B7E6309004AA232 /* DesignSource */,
				33BA6C522B7E6322004AA232 /* Extension */,
				560DFC092B7E5B6B00487736 /* Main.storyboard */,
				560DFC0C2B7E5B7000487736 /* Assets.xcassets */,
				560DFC0E2B7E5B7000487736 /* LaunchScreen.storyboard */,
				560DFC112B7E5B7000487736 /* Info.plist */,
				DBDBA40B2B7EFB18004C10C3 /* GoogleService-Info.plist */,
				DBDBA4142B7F03F2004C10C3 /* launch-screen.gif */,
			);
			path = Petmily.ios;
			sourceTree = "<group>";
		};
		DBDBA40D2B7F020F004C10C3 /* Model */ = {
			isa = PBXGroup;
			children = (
				DBA97AF92B7EF25F00C4D6BB /* Pet.swift */,
				DBA97AF72B7EF23400C4D6BB /* UserModel.swift */,
			);
			path = Model;
			sourceTree = "<group>";
		};
		DBDBA40E2B7F0219004C10C3 /* Util */ = {
			isa = PBXGroup;
			children = (
				DBA97B012B7EF47600C4D6BB /* Common.swift */,
				DBA97B052B7EF86600C4D6BB /* CommonUtil.swift */,
				DBA97AF52B7EF20F00C4D6BB /* DataManager.swift */,
				DBDBA4102B7F0244004C10C3 /* Extension */,
			);
			path = Util;
			sourceTree = "<group>";
		};
		DBDBA40F2B7F0220004C10C3 /* ViewController */ = {
			isa = PBXGroup;
			children = (
				DBDBA4132B7F032C004C10C3 /* Tabbar */,
			);
			path = ViewController;
			sourceTree = "<group>";
		};
		DBDBA4102B7F0244004C10C3 /* Extension */ = {
			isa = PBXGroup;
			children = (
				DBA97B032B7EF82C00C4D6BB /* UIView+Extension.swift */,
			);
			path = Extension;
			sourceTree = "<group>";
		};
		DBDBA4112B7F0295004C10C3 /* CommonHeaderView */ = {
			isa = PBXGroup;
			children = (
				DBA97AFD2B7EF3BB00C4D6BB /* CommonHeaderView.swift */,
				DBA97AFF2B7EF43300C4D6BB /* CommonHeaderView.xib */,
			);
			path = CommonHeaderView;
			sourceTree = "<group>";
		};
		DBDBA4122B7F02CD004C10C3 /* Base */ = {
			isa = PBXGroup;
			children = (
				DBA97AFB2B7EF39400C4D6BB /* BaseHeaderViewController.swift */,
				DBA97AAD2B7EEB9300C4D6BB /* TabBarController.swift */,
				DBA97AAF2B7EEBEA00C4D6BB /* TabBarView.swift */,
				DBDBA4112B7F0295004C10C3 /* CommonHeaderView */,
			);
			path = Base;
			sourceTree = "<group>";
		};
		DBDBA4132B7F032C004C10C3 /* Tabbar */ = {
			isa = PBXGroup;
			children = (
				DBA97AB12B7EEC8900C4D6BB /* DailyViewController.swift */,
				DBA97AB32B7EEC9F00C4D6BB /* InfoViewController.swift */,
				DBA97AB52B7EECAB00C4D6BB /* LocationViewController.swift */,
				DBA97AB72B7EECB900C4D6BB /* MyPageViewController.swift */,
				DBA97AB92B7EEE3200C4D6BB /* BaseViewController.swift */,
				DBA97AF32B7EF1BA00C4D6BB /* IntroViewController.swift */,
			);
			path = Tabbar;
			sourceTree = "<group>";
		};
/* End PBXGroup section */

/* Begin PBXNativeTarget section */
		560DFBFF2B7E5B6B00487736 /* Petmily.ios */ = {
			isa = PBXNativeTarget;
			buildConfigurationList = 560DFC142B7E5B7000487736 /* Build configuration list for PBXNativeTarget "Petmily.ios" */;
			buildPhases = (
				B6533CE399B9D8CAA78841C0 /* [CP] Check Pods Manifest.lock */,
				560DFBFC2B7E5B6B00487736 /* Sources */,
				560DFBFD2B7E5B6B00487736 /* Frameworks */,
				560DFBFE2B7E5B6B00487736 /* Resources */,
			);
			buildRules = (
			);
			dependencies = (
			);
			name = Petmily.ios;
			packageProductDependencies = (
				DBA97AAB2B7E670600C4D6BB /* SnapKit */,
				DBA97ABC2B7EEF5300C4D6BB /* FirebaseAnalytics */,
				DBA97ABE2B7EEF5300C4D6BB /* FirebaseAnalyticsOnDeviceConversion */,
				DBA97AC02B7EEF5300C4D6BB /* FirebaseAnalyticsSwift */,
				DBA97AC22B7EEF5300C4D6BB /* FirebaseAnalyticsWithoutAdIdSupport */,
				DBA97AC42B7EEF5300C4D6BB /* FirebaseAppCheck */,
				DBA97AC62B7EEF5300C4D6BB /* FirebaseAppDistribution-Beta */,
				DBA97AC82B7EEF5300C4D6BB /* FirebaseAuth */,
				DBA97ACA2B7EEF5300C4D6BB /* FirebaseAuthCombine-Community */,
				DBA97ACC2B7EEF5300C4D6BB /* FirebaseCrashlytics */,
				DBA97ACE2B7EEF5300C4D6BB /* FirebaseDatabase */,
				DBA97AD02B7EEF5300C4D6BB /* FirebaseDatabaseSwift */,
				DBA97AD22B7EEF5300C4D6BB /* FirebaseDynamicLinks */,
				DBA97AD42B7EEF5300C4D6BB /* FirebaseFirestore */,
				DBA97AD62B7EEF5300C4D6BB /* FirebaseFirestoreCombine-Community */,
				DBA97AD82B7EEF5300C4D6BB /* FirebaseFirestoreSwift */,
				DBA97ADA2B7EEF5300C4D6BB /* FirebaseFunctions */,
				DBA97ADC2B7EEF5300C4D6BB /* FirebaseFunctionsCombine-Community */,
				DBA97ADE2B7EEF5300C4D6BB /* FirebaseInAppMessaging-Beta */,
				DBA97AE02B7EEF5300C4D6BB /* FirebaseInAppMessagingSwift-Beta */,
				DBA97AE22B7EEF5300C4D6BB /* FirebaseInstallations */,
				DBA97AE42B7EEF5300C4D6BB /* FirebaseMLModelDownloader */,
				DBA97AE62B7EEF5300C4D6BB /* FirebaseMessaging */,
				DBA97AE82B7EEF5300C4D6BB /* FirebasePerformance */,
				DBA97AEA2B7EEF5300C4D6BB /* FirebaseRemoteConfig */,
				DBA97AEC2B7EEF5300C4D6BB /* FirebaseRemoteConfigSwift */,
				DBA97AEE2B7EEF5300C4D6BB /* FirebaseStorage */,
				DBA97AF02B7EEF5300C4D6BB /* FirebaseStorageCombine-Community */,
			);
			productName = Petmily.ios;
			productReference = 560DFC002B7E5B6B00487736 /* Petmily.ios.app */;
			productType = "com.apple.product-type.application";
		};
/* End PBXNativeTarget section */

/* Begin PBXProject section */
		560DFBF82B7E5B6B00487736 /* Project object */ = {
			isa = PBXProject;
			attributes = {
				BuildIndependentTargetsInParallel = 1;
				LastSwiftUpdateCheck = 1520;
				LastUpgradeCheck = 1520;
				TargetAttributes = {
					560DFBFF2B7E5B6B00487736 = {
						CreatedOnToolsVersion = 15.2;
					};
				};
			};
			buildConfigurationList = 560DFBFB2B7E5B6B00487736 /* Build configuration list for PBXProject "Petmily.ios" */;
			compatibilityVersion = "Xcode 14.0";
			developmentRegion = en;
			hasScannedForEncodings = 0;
			knownRegions = (
				en,
				Base,
			);
			mainGroup = 560DFBF72B7E5B6B00487736;
			packageReferences = (
				DBA97AAA2B7E670600C4D6BB /* XCRemoteSwiftPackageReference "SnapKit" */,
				DBA97ABB2B7EEF5300C4D6BB /* XCRemoteSwiftPackageReference "firebase-ios-sdk" */,
			);
			productRefGroup = 560DFC012B7E5B6B00487736 /* Products */;
			projectDirPath = "";
			projectRoot = "";
			targets = (
				560DFBFF2B7E5B6B00487736 /* Petmily.ios */,
			);
		};
/* End PBXProject section */

/* Begin PBXResourcesBuildPhase section */
		560DFBFE2B7E5B6B00487736 /* Resources */ = {
			isa = PBXResourcesBuildPhase;
			buildActionMask = 2147483647;
			files = (
				560DFC102B7E5B7000487736 /* LaunchScreen.storyboard in Resources */,
				DBDBA4152B7F03F2004C10C3 /* launch-screen.gif in Resources */,
				560DFC0D2B7E5B7000487736 /* Assets.xcassets in Resources */,
				DBDBA40C2B7EFB18004C10C3 /* GoogleService-Info.plist in Resources */,
				DBA97B002B7EF43300C4D6BB /* CommonHeaderView.xib in Resources */,
				560DFC0B2B7E5B6B00487736 /* Main.storyboard in Resources */,
			);
			runOnlyForDeploymentPostprocessing = 0;
		};
/* End PBXResourcesBuildPhase section */

/* Begin PBXShellScriptBuildPhase section */
		B6533CE399B9D8CAA78841C0 /* [CP] Check Pods Manifest.lock */ = {
			isa = PBXShellScriptBuildPhase;
			buildActionMask = 2147483647;
			files = (
			);
			inputFileListPaths = (
			);
			inputPaths = (
				"${PODS_PODFILE_DIR_PATH}/Podfile.lock",
				"${PODS_ROOT}/Manifest.lock",
			);
			name = "[CP] Check Pods Manifest.lock";
			outputFileListPaths = (
			);
			outputPaths = (
				"$(DERIVED_FILE_DIR)/Pods-Petmily.ios-checkManifestLockResult.txt",
			);
			runOnlyForDeploymentPostprocessing = 0;
			shellPath = /bin/sh;
			shellScript = "diff \"${PODS_PODFILE_DIR_PATH}/Podfile.lock\" \"${PODS_ROOT}/Manifest.lock\" > /dev/null\nif [ $? != 0 ] ; then\n    # print error to STDERR\n    echo \"error: The sandbox is not in sync with the Podfile.lock. Run 'pod install' or update your CocoaPods installation.\" >&2\n    exit 1\nfi\n# This output is used by Xcode 'outputs' to avoid re-running this script phase.\necho \"SUCCESS\" > \"${SCRIPT_OUTPUT_FILE_0}\"\n";
			showEnvVarsInLog = 0;
		};
/* End PBXShellScriptBuildPhase section */

/* Begin PBXSourcesBuildPhase section */
		560DFBFC2B7E5B6B00487736 /* Sources */ = {
			isa = PBXSourcesBuildPhase;
			buildActionMask = 2147483647;
			files = (
				DBA97B022B7EF47600C4D6BB /* Common.swift in Sources */,
				DBA97AF62B7EF20F00C4D6BB /* DataManager.swift in Sources */,
				DBA97AB82B7EECB900C4D6BB /* MyPageViewController.swift in Sources */,
				DBA97AAE2B7EEB9300C4D6BB /* TabBarController.swift in Sources */,
				DBA97AB22B7EEC8900C4D6BB /* DailyViewController.swift in Sources */,
				DBA97AF82B7EF23400C4D6BB /* UserModel.swift in Sources */,
				DBA97AB42B7EEC9F00C4D6BB /* InfoViewController.swift in Sources */,
				DBA97AFA2B7EF25F00C4D6BB /* Pet.swift in Sources */,
				DBA97ABA2B7EEE3200C4D6BB /* BaseViewController.swift in Sources */,
				33BA6C4E2B7E629D004AA232 /* ThemeColor.swift in Sources */,
				560DFC042B7E5B6B00487736 /* AppDelegate.swift in Sources */,
				DBA97AB02B7EEBEA00C4D6BB /* TabBarView.swift in Sources */,
				DBA97B042B7EF82C00C4D6BB /* UIView+Extension.swift in Sources */,
				DBA97AFC2B7EF39400C4D6BB /* BaseHeaderViewController.swift in Sources */,
				DBA97AF42B7EF1BA00C4D6BB /* IntroViewController.swift in Sources */,
				560DFC062B7E5B6B00487736 /* SceneDelegate.swift in Sources */,
				DBA97AFE2B7EF3BB00C4D6BB /* CommonHeaderView.swift in Sources */,
				DBA97B062B7EF86600C4D6BB /* CommonUtil.swift in Sources */,
				DBA97AB62B7EECAB00C4D6BB /* LocationViewController.swift in Sources */,
				33BA6C512B7E631B004AA232 /* UIColor+.swift in Sources */,
			);
			runOnlyForDeploymentPostprocessing = 0;
		};
/* End PBXSourcesBuildPhase section */

/* Begin PBXVariantGroup section */
		560DFC092B7E5B6B00487736 /* Main.storyboard */ = {
			isa = PBXVariantGroup;
			children = (
				560DFC0A2B7E5B6B00487736 /* Base */,
			);
			name = Main.storyboard;
			sourceTree = "<group>";
		};
		560DFC0E2B7E5B7000487736 /* LaunchScreen.storyboard */ = {
			isa = PBXVariantGroup;
			children = (
				560DFC0F2B7E5B7000487736 /* Base */,
			);
			name = LaunchScreen.storyboard;
			sourceTree = "<group>";
		};
/* End PBXVariantGroup section */

/* Begin XCBuildConfiguration section */
		560DFC122B7E5B7000487736 /* Debug */ = {
			isa = XCBuildConfiguration;
			buildSettings = {
				ALWAYS_SEARCH_USER_PATHS = NO;
				ASSETCATALOG_COMPILER_GENERATE_SWIFT_ASSET_SYMBOL_EXTENSIONS = YES;
				CLANG_ANALYZER_NONNULL = YES;
				CLANG_ANALYZER_NUMBER_OBJECT_CONVERSION = YES_AGGRESSIVE;
				CLANG_CXX_LANGUAGE_STANDARD = "gnu++20";
				CLANG_ENABLE_MODULES = YES;
				CLANG_ENABLE_OBJC_ARC = YES;
				CLANG_ENABLE_OBJC_WEAK = YES;
				CLANG_WARN_BLOCK_CAPTURE_AUTORELEASING = YES;
				CLANG_WARN_BOOL_CONVERSION = YES;
				CLANG_WARN_COMMA = YES;
				CLANG_WARN_CONSTANT_CONVERSION = YES;
				CLANG_WARN_DEPRECATED_OBJC_IMPLEMENTATIONS = YES;
				CLANG_WARN_DIRECT_OBJC_ISA_USAGE = YES_ERROR;
				CLANG_WARN_DOCUMENTATION_COMMENTS = YES;
				CLANG_WARN_EMPTY_BODY = YES;
				CLANG_WARN_ENUM_CONVERSION = YES;
				CLANG_WARN_INFINITE_RECURSION = YES;
				CLANG_WARN_INT_CONVERSION = YES;
				CLANG_WARN_NON_LITERAL_NULL_CONVERSION = YES;
				CLANG_WARN_OBJC_IMPLICIT_RETAIN_SELF = YES;
				CLANG_WARN_OBJC_LITERAL_CONVERSION = YES;
				CLANG_WARN_OBJC_ROOT_CLASS = YES_ERROR;
				CLANG_WARN_QUOTED_INCLUDE_IN_FRAMEWORK_HEADER = YES;
				CLANG_WARN_RANGE_LOOP_ANALYSIS = YES;
				CLANG_WARN_STRICT_PROTOTYPES = YES;
				CLANG_WARN_SUSPICIOUS_MOVE = YES;
				CLANG_WARN_UNGUARDED_AVAILABILITY = YES_AGGRESSIVE;
				CLANG_WARN_UNREACHABLE_CODE = YES;
				CLANG_WARN__DUPLICATE_METHOD_MATCH = YES;
				COPY_PHASE_STRIP = NO;
				DEBUG_INFORMATION_FORMAT = dwarf;
				ENABLE_STRICT_OBJC_MSGSEND = YES;
				ENABLE_TESTABILITY = YES;
				ENABLE_USER_SCRIPT_SANDBOXING = YES;
				GCC_C_LANGUAGE_STANDARD = gnu17;
				GCC_DYNAMIC_NO_PIC = NO;
				GCC_NO_COMMON_BLOCKS = YES;
				GCC_OPTIMIZATION_LEVEL = 0;
				GCC_PREPROCESSOR_DEFINITIONS = (
					"DEBUG=1",
					"$(inherited)",
				);
				GCC_WARN_64_TO_32_BIT_CONVERSION = YES;
				GCC_WARN_ABOUT_RETURN_TYPE = YES_ERROR;
				GCC_WARN_UNDECLARED_SELECTOR = YES;
				GCC_WARN_UNINITIALIZED_AUTOS = YES_AGGRESSIVE;
				GCC_WARN_UNUSED_FUNCTION = YES;
				GCC_WARN_UNUSED_VARIABLE = YES;
				IPHONEOS_DEPLOYMENT_TARGET = 17.2;
				LOCALIZATION_PREFERS_STRING_CATALOGS = YES;
				MTL_ENABLE_DEBUG_INFO = INCLUDE_SOURCE;
				MTL_FAST_MATH = YES;
				ONLY_ACTIVE_ARCH = YES;
				SDKROOT = iphoneos;
				SWIFT_ACTIVE_COMPILATION_CONDITIONS = "DEBUG $(inherited)";
				SWIFT_OPTIMIZATION_LEVEL = "-Onone";
			};
			name = Debug;
		};
		560DFC132B7E5B7000487736 /* Release */ = {
			isa = XCBuildConfiguration;
			buildSettings = {
				ALWAYS_SEARCH_USER_PATHS = NO;
				ASSETCATALOG_COMPILER_GENERATE_SWIFT_ASSET_SYMBOL_EXTENSIONS = YES;
				CLANG_ANALYZER_NONNULL = YES;
				CLANG_ANALYZER_NUMBER_OBJECT_CONVERSION = YES_AGGRESSIVE;
				CLANG_CXX_LANGUAGE_STANDARD = "gnu++20";
				CLANG_ENABLE_MODULES = YES;
				CLANG_ENABLE_OBJC_ARC = YES;
				CLANG_ENABLE_OBJC_WEAK = YES;
				CLANG_WARN_BLOCK_CAPTURE_AUTORELEASING = YES;
				CLANG_WARN_BOOL_CONVERSION = YES;
				CLANG_WARN_COMMA = YES;
				CLANG_WARN_CONSTANT_CONVERSION = YES;
				CLANG_WARN_DEPRECATED_OBJC_IMPLEMENTATIONS = YES;
				CLANG_WARN_DIRECT_OBJC_ISA_USAGE = YES_ERROR;
				CLANG_WARN_DOCUMENTATION_COMMENTS = YES;
				CLANG_WARN_EMPTY_BODY = YES;
				CLANG_WARN_ENUM_CONVERSION = YES;
				CLANG_WARN_INFINITE_RECURSION = YES;
				CLANG_WARN_INT_CONVERSION = YES;
				CLANG_WARN_NON_LITERAL_NULL_CONVERSION = YES;
				CLANG_WARN_OBJC_IMPLICIT_RETAIN_SELF = YES;
				CLANG_WARN_OBJC_LITERAL_CONVERSION = YES;
				CLANG_WARN_OBJC_ROOT_CLASS = YES_ERROR;
				CLANG_WARN_QUOTED_INCLUDE_IN_FRAMEWORK_HEADER = YES;
				CLANG_WARN_RANGE_LOOP_ANALYSIS = YES;
				CLANG_WARN_STRICT_PROTOTYPES = YES;
				CLANG_WARN_SUSPICIOUS_MOVE = YES;
				CLANG_WARN_UNGUARDED_AVAILABILITY = YES_AGGRESSIVE;
				CLANG_WARN_UNREACHABLE_CODE = YES;
				CLANG_WARN__DUPLICATE_METHOD_MATCH = YES;
				COPY_PHASE_STRIP = NO;
				DEBUG_INFORMATION_FORMAT = "dwarf-with-dsym";
				ENABLE_NS_ASSERTIONS = NO;
				ENABLE_STRICT_OBJC_MSGSEND = YES;
				ENABLE_USER_SCRIPT_SANDBOXING = YES;
				GCC_C_LANGUAGE_STANDARD = gnu17;
				GCC_NO_COMMON_BLOCKS = YES;
				GCC_WARN_64_TO_32_BIT_CONVERSION = YES;
				GCC_WARN_ABOUT_RETURN_TYPE = YES_ERROR;
				GCC_WARN_UNDECLARED_SELECTOR = YES;
				GCC_WARN_UNINITIALIZED_AUTOS = YES_AGGRESSIVE;
				GCC_WARN_UNUSED_FUNCTION = YES;
				GCC_WARN_UNUSED_VARIABLE = YES;
				IPHONEOS_DEPLOYMENT_TARGET = 17.2;
				LOCALIZATION_PREFERS_STRING_CATALOGS = YES;
				MTL_ENABLE_DEBUG_INFO = NO;
				MTL_FAST_MATH = YES;
				SDKROOT = iphoneos;
				SWIFT_COMPILATION_MODE = wholemodule;
				VALIDATE_PRODUCT = YES;
			};
			name = Release;
		};
		560DFC152B7E5B7000487736 /* Debug */ = {
			isa = XCBuildConfiguration;
			buildSettings = {
				ASSETCATALOG_COMPILER_APPICON_NAME = AppIcon;
				ASSETCATALOG_COMPILER_GLOBAL_ACCENT_COLOR_NAME = AccentColor;
				CODE_SIGN_STYLE = Automatic;
				CURRENT_PROJECT_VERSION = 1;
				DEVELOPMENT_TEAM = YRZW7MZ3P5;
				GENERATE_INFOPLIST_FILE = YES;
				INFOPLIST_FILE = Petmily.ios/Info.plist;
				INFOPLIST_KEY_UIApplicationSupportsIndirectInputEvents = YES;
				INFOPLIST_KEY_UILaunchStoryboardName = LaunchScreen;
				INFOPLIST_KEY_UIMainStoryboardFile = Main;
				INFOPLIST_KEY_UISupportedInterfaceOrientations_iPad = "UIInterfaceOrientationPortrait UIInterfaceOrientationPortraitUpsideDown UIInterfaceOrientationLandscapeLeft UIInterfaceOrientationLandscapeRight";
				INFOPLIST_KEY_UISupportedInterfaceOrientations_iPhone = "UIInterfaceOrientationPortrait UIInterfaceOrientationLandscapeLeft UIInterfaceOrientationLandscapeRight";
				IPHONEOS_DEPLOYMENT_TARGET = 15.0;
				LD_RUNPATH_SEARCH_PATHS = (
					"$(inherited)",
					"@executable_path/Frameworks",
				);
				MARKETING_VERSION = 1.0;
				PRODUCT_BUNDLE_IDENTIFIER = "com.dduta.Petmily.ios.Petmily-ios";
				PRODUCT_NAME = "$(TARGET_NAME)";
				SWIFT_EMIT_LOC_STRINGS = YES;
				SWIFT_VERSION = 5.0;
				TARGETED_DEVICE_FAMILY = "1,2";
			};
			name = Debug;
		};
		560DFC162B7E5B7000487736 /* Release */ = {
			isa = XCBuildConfiguration;
			buildSettings = {
				ASSETCATALOG_COMPILER_APPICON_NAME = AppIcon;
				ASSETCATALOG_COMPILER_GLOBAL_ACCENT_COLOR_NAME = AccentColor;
				CODE_SIGN_STYLE = Automatic;
				CURRENT_PROJECT_VERSION = 1;
				DEVELOPMENT_TEAM = YRZW7MZ3P5;
				GENERATE_INFOPLIST_FILE = YES;
				INFOPLIST_FILE = Petmily.ios/Info.plist;
				INFOPLIST_KEY_UIApplicationSupportsIndirectInputEvents = YES;
				INFOPLIST_KEY_UILaunchStoryboardName = LaunchScreen;
				INFOPLIST_KEY_UIMainStoryboardFile = Main;
				INFOPLIST_KEY_UISupportedInterfaceOrientations_iPad = "UIInterfaceOrientationPortrait UIInterfaceOrientationPortraitUpsideDown UIInterfaceOrientationLandscapeLeft UIInterfaceOrientationLandscapeRight";
				INFOPLIST_KEY_UISupportedInterfaceOrientations_iPhone = "UIInterfaceOrientationPortrait UIInterfaceOrientationLandscapeLeft UIInterfaceOrientationLandscapeRight";
				IPHONEOS_DEPLOYMENT_TARGET = 15.0;
				LD_RUNPATH_SEARCH_PATHS = (
					"$(inherited)",
					"@executable_path/Frameworks",
				);
				MARKETING_VERSION = 1.0;
				PRODUCT_BUNDLE_IDENTIFIER = "com.dduta.Petmily.ios.Petmily-ios";
				PRODUCT_NAME = "$(TARGET_NAME)";
				SWIFT_EMIT_LOC_STRINGS = YES;
				SWIFT_VERSION = 5.0;
				TARGETED_DEVICE_FAMILY = "1,2";
			};
			name = Release;
		};
/* End XCBuildConfiguration section */

/* Begin XCConfigurationList section */
		560DFBFB2B7E5B6B00487736 /* Build configuration list for PBXProject "Petmily.ios" */ = {
			isa = XCConfigurationList;
			buildConfigurations = (
				560DFC122B7E5B7000487736 /* Debug */,
				560DFC132B7E5B7000487736 /* Release */,
			);
			defaultConfigurationIsVisible = 0;
			defaultConfigurationName = Release;
		};
		560DFC142B7E5B7000487736 /* Build configuration list for PBXNativeTarget "Petmily.ios" */ = {
			isa = XCConfigurationList;
			buildConfigurations = (
				560DFC152B7E5B7000487736 /* Debug */,
				560DFC162B7E5B7000487736 /* Release */,
			);
			defaultConfigurationIsVisible = 0;
			defaultConfigurationName = Release;
		};
/* End XCConfigurationList section */

/* Begin XCRemoteSwiftPackageReference section */
		DBA97AAA2B7E670600C4D6BB /* XCRemoteSwiftPackageReference "SnapKit" */ = {
			isa = XCRemoteSwiftPackageReference;
			repositoryURL = "https://github.com/SnapKit/SnapKit.git";
		};
		DBA97ABB2B7EEF5300C4D6BB /* XCRemoteSwiftPackageReference "firebase-ios-sdk" */ = {
			isa = XCRemoteSwiftPackageReference;
			repositoryURL = "https://github.com/firebase/firebase-ios-sdk.git";
			requirement = {
				kind = upToNextMajorVersion;
				minimumVersion = 10.21.0;
			};
		};
/* End XCRemoteSwiftPackageReference section */

/* Begin XCSwiftPackageProductDependency section */
		DBA97AAB2B7E670600C4D6BB /* SnapKit */ = {
			isa = XCSwiftPackageProductDependency;
			package = DBA97AAA2B7E670600C4D6BB /* XCRemoteSwiftPackageReference "SnapKit" */;
			productName = SnapKit;
		};
		DBA97ABC2B7EEF5300C4D6BB /* FirebaseAnalytics */ = {
			isa = XCSwiftPackageProductDependency;
			package = DBA97ABB2B7EEF5300C4D6BB /* XCRemoteSwiftPackageReference "firebase-ios-sdk" */;
			productName = FirebaseAnalytics;
		};
		DBA97ABE2B7EEF5300C4D6BB /* FirebaseAnalyticsOnDeviceConversion */ = {
			isa = XCSwiftPackageProductDependency;
			package = DBA97ABB2B7EEF5300C4D6BB /* XCRemoteSwiftPackageReference "firebase-ios-sdk" */;
			productName = FirebaseAnalyticsOnDeviceConversion;
		};
		DBA97AC02B7EEF5300C4D6BB /* FirebaseAnalyticsSwift */ = {
			isa = XCSwiftPackageProductDependency;
			package = DBA97ABB2B7EEF5300C4D6BB /* XCRemoteSwiftPackageReference "firebase-ios-sdk" */;
			productName = FirebaseAnalyticsSwift;
		};
		DBA97AC22B7EEF5300C4D6BB /* FirebaseAnalyticsWithoutAdIdSupport */ = {
			isa = XCSwiftPackageProductDependency;
			package = DBA97ABB2B7EEF5300C4D6BB /* XCRemoteSwiftPackageReference "firebase-ios-sdk" */;
			productName = FirebaseAnalyticsWithoutAdIdSupport;
		};
		DBA97AC42B7EEF5300C4D6BB /* FirebaseAppCheck */ = {
			isa = XCSwiftPackageProductDependency;
			package = DBA97ABB2B7EEF5300C4D6BB /* XCRemoteSwiftPackageReference "firebase-ios-sdk" */;
			productName = FirebaseAppCheck;
		};
		DBA97AC62B7EEF5300C4D6BB /* FirebaseAppDistribution-Beta */ = {
			isa = XCSwiftPackageProductDependency;
			package = DBA97ABB2B7EEF5300C4D6BB /* XCRemoteSwiftPackageReference "firebase-ios-sdk" */;
			productName = "FirebaseAppDistribution-Beta";
		};
		DBA97AC82B7EEF5300C4D6BB /* FirebaseAuth */ = {
			isa = XCSwiftPackageProductDependency;
			package = DBA97ABB2B7EEF5300C4D6BB /* XCRemoteSwiftPackageReference "firebase-ios-sdk" */;
			productName = FirebaseAuth;
		};
		DBA97ACA2B7EEF5300C4D6BB /* FirebaseAuthCombine-Community */ = {
			isa = XCSwiftPackageProductDependency;
			package = DBA97ABB2B7EEF5300C4D6BB /* XCRemoteSwiftPackageReference "firebase-ios-sdk" */;
			productName = "FirebaseAuthCombine-Community";
		};
		DBA97ACC2B7EEF5300C4D6BB /* FirebaseCrashlytics */ = {
			isa = XCSwiftPackageProductDependency;
			package = DBA97ABB2B7EEF5300C4D6BB /* XCRemoteSwiftPackageReference "firebase-ios-sdk" */;
			productName = FirebaseCrashlytics;
		};
		DBA97ACE2B7EEF5300C4D6BB /* FirebaseDatabase */ = {
			isa = XCSwiftPackageProductDependency;
			package = DBA97ABB2B7EEF5300C4D6BB /* XCRemoteSwiftPackageReference "firebase-ios-sdk" */;
			productName = FirebaseDatabase;
		};
		DBA97AD02B7EEF5300C4D6BB /* FirebaseDatabaseSwift */ = {
			isa = XCSwiftPackageProductDependency;
			package = DBA97ABB2B7EEF5300C4D6BB /* XCRemoteSwiftPackageReference "firebase-ios-sdk" */;
			productName = FirebaseDatabaseSwift;
		};
		DBA97AD22B7EEF5300C4D6BB /* FirebaseDynamicLinks */ = {
			isa = XCSwiftPackageProductDependency;
			package = DBA97ABB2B7EEF5300C4D6BB /* XCRemoteSwiftPackageReference "firebase-ios-sdk" */;
			productName = FirebaseDynamicLinks;
		};
		DBA97AD42B7EEF5300C4D6BB /* FirebaseFirestore */ = {
			isa = XCSwiftPackageProductDependency;
			package = DBA97ABB2B7EEF5300C4D6BB /* XCRemoteSwiftPackageReference "firebase-ios-sdk" */;
			productName = FirebaseFirestore;
		};
		DBA97AD62B7EEF5300C4D6BB /* FirebaseFirestoreCombine-Community */ = {
			isa = XCSwiftPackageProductDependency;
			package = DBA97ABB2B7EEF5300C4D6BB /* XCRemoteSwiftPackageReference "firebase-ios-sdk" */;
			productName = "FirebaseFirestoreCombine-Community";
		};
		DBA97AD82B7EEF5300C4D6BB /* FirebaseFirestoreSwift */ = {
			isa = XCSwiftPackageProductDependency;
			package = DBA97ABB2B7EEF5300C4D6BB /* XCRemoteSwiftPackageReference "firebase-ios-sdk" */;
			productName = FirebaseFirestoreSwift;
		};
		DBA97ADA2B7EEF5300C4D6BB /* FirebaseFunctions */ = {
			isa = XCSwiftPackageProductDependency;
			package = DBA97ABB2B7EEF5300C4D6BB /* XCRemoteSwiftPackageReference "firebase-ios-sdk" */;
			productName = FirebaseFunctions;
		};
		DBA97ADC2B7EEF5300C4D6BB /* FirebaseFunctionsCombine-Community */ = {
			isa = XCSwiftPackageProductDependency;
			package = DBA97ABB2B7EEF5300C4D6BB /* XCRemoteSwiftPackageReference "firebase-ios-sdk" */;
			productName = "FirebaseFunctionsCombine-Community";
		};
		DBA97ADE2B7EEF5300C4D6BB /* FirebaseInAppMessaging-Beta */ = {
			isa = XCSwiftPackageProductDependency;
			package = DBA97ABB2B7EEF5300C4D6BB /* XCRemoteSwiftPackageReference "firebase-ios-sdk" */;
			productName = "FirebaseInAppMessaging-Beta";
		};
		DBA97AE02B7EEF5300C4D6BB /* FirebaseInAppMessagingSwift-Beta */ = {
			isa = XCSwiftPackageProductDependency;
			package = DBA97ABB2B7EEF5300C4D6BB /* XCRemoteSwiftPackageReference "firebase-ios-sdk" */;
			productName = "FirebaseInAppMessagingSwift-Beta";
		};
		DBA97AE22B7EEF5300C4D6BB /* FirebaseInstallations */ = {
			isa = XCSwiftPackageProductDependency;
			package = DBA97ABB2B7EEF5300C4D6BB /* XCRemoteSwiftPackageReference "firebase-ios-sdk" */;
			productName = FirebaseInstallations;
		};
		DBA97AE42B7EEF5300C4D6BB /* FirebaseMLModelDownloader */ = {
			isa = XCSwiftPackageProductDependency;
			package = DBA97ABB2B7EEF5300C4D6BB /* XCRemoteSwiftPackageReference "firebase-ios-sdk" */;
			productName = FirebaseMLModelDownloader;
		};
		DBA97AE62B7EEF5300C4D6BB /* FirebaseMessaging */ = {
			isa = XCSwiftPackageProductDependency;
			package = DBA97ABB2B7EEF5300C4D6BB /* XCRemoteSwiftPackageReference "firebase-ios-sdk" */;
			productName = FirebaseMessaging;
		};
		DBA97AE82B7EEF5300C4D6BB /* FirebasePerformance */ = {
			isa = XCSwiftPackageProductDependency;
			package = DBA97ABB2B7EEF5300C4D6BB /* XCRemoteSwiftPackageReference "firebase-ios-sdk" */;
			productName = FirebasePerformance;
		};
		DBA97AEA2B7EEF5300C4D6BB /* FirebaseRemoteConfig */ = {
			isa = XCSwiftPackageProductDependency;
			package = DBA97ABB2B7EEF5300C4D6BB /* XCRemoteSwiftPackageReference "firebase-ios-sdk" */;
			productName = FirebaseRemoteConfig;
		};
		DBA97AEC2B7EEF5300C4D6BB /* FirebaseRemoteConfigSwift */ = {
			isa = XCSwiftPackageProductDependency;
			package = DBA97ABB2B7EEF5300C4D6BB /* XCRemoteSwiftPackageReference "firebase-ios-sdk" */;
			productName = FirebaseRemoteConfigSwift;
		};
		DBA97AEE2B7EEF5300C4D6BB /* FirebaseStorage */ = {
			isa = XCSwiftPackageProductDependency;
			package = DBA97ABB2B7EEF5300C4D6BB /* XCRemoteSwiftPackageReference "firebase-ios-sdk" */;
			productName = FirebaseStorage;
		};
		DBA97AF02B7EEF5300C4D6BB /* FirebaseStorageCombine-Community */ = {
			isa = XCSwiftPackageProductDependency;
			package = DBA97ABB2B7EEF5300C4D6BB /* XCRemoteSwiftPackageReference "firebase-ios-sdk" */;
			productName = "FirebaseStorageCombine-Community";
		};
/* End XCSwiftPackageProductDependency section */
	};
	rootObject = 560DFBF82B7E5B6B00487736 /* Project object */;
}
