// !$*UTF8*$!
{
	archiveVersion = 1;
	classes = {
	};
	objectVersion = 56;
	objects = {

/* Begin PBXBuildFile section */
		330241802B805A070045F56E /* SnapKit in Frameworks */ = {isa = PBXBuildFile; productRef = 3302417F2B805A070045F56E /* SnapKit */; };
		33946F8A2B89F56E00C0EDF3 /* Kingfisher in Frameworks */ = {isa = PBXBuildFile; productRef = 33946F892B89F56E00C0EDF3 /* Kingfisher */; };
		33946F8C2B89F59B00C0EDF3 /* AppConstraint.swift in Sources */ = {isa = PBXBuildFile; fileRef = 33946F8B2B89F59B00C0EDF3 /* AppConstraint.swift */; };
		33946F8E2B89F5F600C0EDF3 /* UIViewController+.swift in Sources */ = {isa = PBXBuildFile; fileRef = 33946F8D2B89F5F600C0EDF3 /* UIViewController+.swift */; };
		33BA6C4E2B7E629D004AA232 /* ThemeColor.swift in Sources */ = {isa = PBXBuildFile; fileRef = 33BA6C4D2B7E629D004AA232 /* ThemeColor.swift */; };
		33BA6C512B7E631B004AA232 /* UIColor+.swift in Sources */ = {isa = PBXBuildFile; fileRef = 33BA6C502B7E631B004AA232 /* UIColor+.swift */; };
		33F7746B2B8059D60044DF28 /* FirebaseAnalytics in Frameworks */ = {isa = PBXBuildFile; productRef = 33F7746A2B8059D60044DF28 /* FirebaseAnalytics */; };
		33F7746D2B8059D60044DF28 /* FirebaseAnalyticsOnDeviceConversion in Frameworks */ = {isa = PBXBuildFile; productRef = 33F7746C2B8059D60044DF28 /* FirebaseAnalyticsOnDeviceConversion */; };
		33F7746F2B8059D60044DF28 /* FirebaseAnalyticsSwift in Frameworks */ = {isa = PBXBuildFile; productRef = 33F7746E2B8059D60044DF28 /* FirebaseAnalyticsSwift */; };
		33F774712B8059D60044DF28 /* FirebaseAnalyticsWithoutAdIdSupport in Frameworks */ = {isa = PBXBuildFile; productRef = 33F774702B8059D60044DF28 /* FirebaseAnalyticsWithoutAdIdSupport */; };
		33F774732B8059D60044DF28 /* FirebaseAppCheck in Frameworks */ = {isa = PBXBuildFile; productRef = 33F774722B8059D60044DF28 /* FirebaseAppCheck */; };
		33F774752B8059D60044DF28 /* FirebaseAppDistribution-Beta in Frameworks */ = {isa = PBXBuildFile; productRef = 33F774742B8059D60044DF28 /* FirebaseAppDistribution-Beta */; };
		33F774772B8059D60044DF28 /* FirebaseAuth in Frameworks */ = {isa = PBXBuildFile; productRef = 33F774762B8059D60044DF28 /* FirebaseAuth */; };
		33F774792B8059D60044DF28 /* FirebaseAuthCombine-Community in Frameworks */ = {isa = PBXBuildFile; productRef = 33F774782B8059D60044DF28 /* FirebaseAuthCombine-Community */; };
		33F7747B2B8059D60044DF28 /* FirebaseCrashlytics in Frameworks */ = {isa = PBXBuildFile; productRef = 33F7747A2B8059D60044DF28 /* FirebaseCrashlytics */; };
		33F7747D2B8059D60044DF28 /* FirebaseDatabase in Frameworks */ = {isa = PBXBuildFile; productRef = 33F7747C2B8059D60044DF28 /* FirebaseDatabase */; };
		33F7747F2B8059D60044DF28 /* FirebaseDatabaseSwift in Frameworks */ = {isa = PBXBuildFile; productRef = 33F7747E2B8059D60044DF28 /* FirebaseDatabaseSwift */; };
		33F774812B8059D60044DF28 /* FirebaseDynamicLinks in Frameworks */ = {isa = PBXBuildFile; productRef = 33F774802B8059D60044DF28 /* FirebaseDynamicLinks */; };
		33F774832B8059D60044DF28 /* FirebaseFirestore in Frameworks */ = {isa = PBXBuildFile; productRef = 33F774822B8059D60044DF28 /* FirebaseFirestore */; };
		33F774852B8059D60044DF28 /* FirebaseFirestoreCombine-Community in Frameworks */ = {isa = PBXBuildFile; productRef = 33F774842B8059D60044DF28 /* FirebaseFirestoreCombine-Community */; };
		33F774872B8059D60044DF28 /* FirebaseFirestoreSwift in Frameworks */ = {isa = PBXBuildFile; productRef = 33F774862B8059D60044DF28 /* FirebaseFirestoreSwift */; };
		33F774892B8059D60044DF28 /* FirebaseFunctions in Frameworks */ = {isa = PBXBuildFile; productRef = 33F774882B8059D60044DF28 /* FirebaseFunctions */; };
		33F7748B2B8059D60044DF28 /* FirebaseFunctionsCombine-Community in Frameworks */ = {isa = PBXBuildFile; productRef = 33F7748A2B8059D60044DF28 /* FirebaseFunctionsCombine-Community */; };
		33F7748D2B8059D60044DF28 /* FirebaseInAppMessaging-Beta in Frameworks */ = {isa = PBXBuildFile; productRef = 33F7748C2B8059D60044DF28 /* FirebaseInAppMessaging-Beta */; };
		33F7748F2B8059D60044DF28 /* FirebaseInAppMessagingSwift-Beta in Frameworks */ = {isa = PBXBuildFile; productRef = 33F7748E2B8059D60044DF28 /* FirebaseInAppMessagingSwift-Beta */; };
		33FE53222B89F49000BF1E98 /* InfoView.swift in Sources */ = {isa = PBXBuildFile; fileRef = 33FE52FB2B89F49000BF1E98 /* InfoView.swift */; };
		33FE53232B89F49000BF1E98 /* InfoPopularCell.swift in Sources */ = {isa = PBXBuildFile; fileRef = 33FE52FD2B89F49000BF1E98 /* InfoPopularCell.swift */; };
		33FE53242B89F49000BF1E98 /* InfoShareCell.swift in Sources */ = {isa = PBXBuildFile; fileRef = 33FE52FE2B89F49000BF1E98 /* InfoShareCell.swift */; };
		33FE53252B89F49000BF1E98 /* InfoViewController.swift in Sources */ = {isa = PBXBuildFile; fileRef = 33FE52FF2B89F49000BF1E98 /* InfoViewController.swift */; };
		33FE53262B89F49000BF1E98 /* InfoSearchCategoryCell.swift in Sources */ = {isa = PBXBuildFile; fileRef = 33FE53022B89F49000BF1E98 /* InfoSearchCategoryCell.swift */; };
		33FE53272B89F49000BF1E98 /* InfoSearchTopicCell.swift in Sources */ = {isa = PBXBuildFile; fileRef = 33FE53032B89F49000BF1E98 /* InfoSearchTopicCell.swift */; };
		33FE53282B89F49000BF1E98 /* InfoSearchViewModel.swift in Sources */ = {isa = PBXBuildFile; fileRef = 33FE53042B89F49000BF1E98 /* InfoSearchViewModel.swift */; };
		33FE53292B89F49000BF1E98 /* InfoSearchSection.swift in Sources */ = {isa = PBXBuildFile; fileRef = 33FE53062B89F49000BF1E98 /* InfoSearchSection.swift */; };
		33FE532A2B89F49000BF1E98 /* InfoSearchView.swift in Sources */ = {isa = PBXBuildFile; fileRef = 33FE53082B89F49000BF1E98 /* InfoSearchView.swift */; };
		33FE532B2B89F49000BF1E98 /* InfoSearchContentView.swift in Sources */ = {isa = PBXBuildFile; fileRef = 33FE53092B89F49000BF1E98 /* InfoSearchContentView.swift */; };
		33FE532C2B89F49000BF1E98 /* InfoSearchCollectionView.swift in Sources */ = {isa = PBXBuildFile; fileRef = 33FE530A2B89F49000BF1E98 /* InfoSearchCollectionView.swift */; };
		33FE532D2B89F49000BF1E98 /* InfoSearchViewController.swift in Sources */ = {isa = PBXBuildFile; fileRef = 33FE530B2B89F49000BF1E98 /* InfoSearchViewController.swift */; };
		33FE532E2B89F49000BF1E98 /* InfoSearchTopicHeader.swift in Sources */ = {isa = PBXBuildFile; fileRef = 33FE530D2B89F49000BF1E98 /* InfoSearchTopicHeader.swift */; };
		33FE532F2B89F49000BF1E98 /* InfoSearchCategoryHeader.swift in Sources */ = {isa = PBXBuildFile; fileRef = 33FE530E2B89F49000BF1E98 /* InfoSearchCategoryHeader.swift */; };
		33FE53302B89F49000BF1E98 /* InfoViewModel.swift in Sources */ = {isa = PBXBuildFile; fileRef = 33FE530F2B89F49000BF1E98 /* InfoViewModel.swift */; };
		33FE53312B89F49000BF1E98 /* ShareInfo.swift in Sources */ = {isa = PBXBuildFile; fileRef = 33FE53112B89F49000BF1E98 /* ShareInfo.swift */; };
		33FE53322B89F49000BF1E98 /* PopularInfo.swift in Sources */ = {isa = PBXBuildFile; fileRef = 33FE53122B89F49000BF1E98 /* PopularInfo.swift */; };
		33FE53332B89F49000BF1E98 /* InfoSection.swift in Sources */ = {isa = PBXBuildFile; fileRef = 33FE53132B89F49000BF1E98 /* InfoSection.swift */; };
		33FE53342B89F49000BF1E98 /* InfoDetailView.swift in Sources */ = {isa = PBXBuildFile; fileRef = 33FE53152B89F49000BF1E98 /* InfoDetailView.swift */; };
		33FE53352B89F49000BF1E98 /* InfoDetailViewModel.swift in Sources */ = {isa = PBXBuildFile; fileRef = 33FE53162B89F49000BF1E98 /* InfoDetailViewModel.swift */; };
		33FE53362B89F49000BF1E98 /* InfoDetailViewController.swift in Sources */ = {isa = PBXBuildFile; fileRef = 33FE53172B89F49000BF1E98 /* InfoDetailViewController.swift */; };
		33FE53372B89F49000BF1E98 /* InfoDetailCommentCell.swift in Sources */ = {isa = PBXBuildFile; fileRef = 33FE53192B89F49000BF1E98 /* InfoDetailCommentCell.swift */; };
		33FE53382B89F49000BF1E98 /* Comment.swift in Sources */ = {isa = PBXBuildFile; fileRef = 33FE531B2B89F49000BF1E98 /* Comment.swift */; };
		33FE53392B89F49000BF1E98 /* InfoDetailContentView.swift in Sources */ = {isa = PBXBuildFile; fileRef = 33FE531C2B89F49000BF1E98 /* InfoDetailContentView.swift */; };
		33FE533A2B89F49000BF1E98 /* InfoDetailCommentHeader.swift in Sources */ = {isa = PBXBuildFile; fileRef = 33FE531E2B89F49000BF1E98 /* InfoDetailCommentHeader.swift */; };
		33FE533B2B89F49000BF1E98 /* InfoShareHeader.swift in Sources */ = {isa = PBXBuildFile; fileRef = 33FE53202B89F49000BF1E98 /* InfoShareHeader.swift */; };
		33FE533C2B89F49000BF1E98 /* InfoPopularHeader.swift in Sources */ = {isa = PBXBuildFile; fileRef = 33FE53212B89F49000BF1E98 /* InfoPopularHeader.swift */; };
		33FE533E2B89F4B400BF1E98 /* ThemeFont.swift in Sources */ = {isa = PBXBuildFile; fileRef = 33FE533D2B89F4B400BF1E98 /* ThemeFont.swift */; };
		560DFC042B7E5B6B00487736 /* AppDelegate.swift in Sources */ = {isa = PBXBuildFile; fileRef = 560DFC032B7E5B6B00487736 /* AppDelegate.swift */; };
		560DFC0D2B7E5B7000487736 /* Assets.xcassets in Resources */ = {isa = PBXBuildFile; fileRef = 560DFC0C2B7E5B7000487736 /* Assets.xcassets */; };
		560DFC102B7E5B7000487736 /* LaunchScreen.storyboard in Resources */ = {isa = PBXBuildFile; fileRef = 560DFC0E2B7E5B7000487736 /* LaunchScreen.storyboard */; };
		562351542B80FD61005B2071 /* DailyCollectionViewCell.swift in Sources */ = {isa = PBXBuildFile; fileRef = 562351532B80FD61005B2071 /* DailyCollectionViewCell.swift */; };
		563E617E2B896850006FC307 /* UIImage+Extension.swift in Sources */ = {isa = PBXBuildFile; fileRef = 563E617D2B896850006FC307 /* UIImage+Extension.swift */; };
		563E61802B896B88006FC307 /* UIColor+Extension.swift in Sources */ = {isa = PBXBuildFile; fileRef = 563E617F2B896B88006FC307 /* UIColor+Extension.swift */; };
		563E61862B89A0A0006FC307 /* CommentView.swift in Sources */ = {isa = PBXBuildFile; fileRef = 563E61852B89A09F006FC307 /* CommentView.swift */; };
		563E61882B89A0A8006FC307 /* CommentViewController.swift in Sources */ = {isa = PBXBuildFile; fileRef = 563E61872B89A0A8006FC307 /* CommentViewController.swift */; };
		563E618A2B89A2ED006FC307 /* CommentTableViewCell.swift in Sources */ = {isa = PBXBuildFile; fileRef = 563E61892B89A2ED006FC307 /* CommentTableViewCell.swift */; };
		56FD90702B80F43B00AAD29B /* DailyView.swift in Sources */ = {isa = PBXBuildFile; fileRef = 56FD906F2B80F43B00AAD29B /* DailyView.swift */; };
		77DAE4EC2B8A33CD0020B4AA /* MyPageSettingViewController.swift in Sources */ = {isa = PBXBuildFile; fileRef = 77DAE4EB2B8A33CD0020B4AA /* MyPageSettingViewController.swift */; };
		77DAE4ED2B8A33CD0020B4AA /* MyPageViewController.swift in Sources */ = {isa = PBXBuildFile; fileRef = 77DAE4EA2B8A33CD0020B4AA /* MyPageViewController.swift */; };
		77DAE4F02B8A33D10020B4AA /* MyPageCollectionViewCell.swift in Sources */ = {isa = PBXBuildFile; fileRef = 77DAE4EE2B8A33D10020B4AA /* MyPageCollectionViewCell.swift */; };
		77DAE4F12B8A33D10020B4AA /* MyPageInfoCell.swift in Sources */ = {isa = PBXBuildFile; fileRef = 77DAE4EF2B8A33D10020B4AA /* MyPageInfoCell.swift */; };
		77DAE4F42B8A33D80020B4AA /* MyPageProfileView.swift in Sources */ = {isa = PBXBuildFile; fileRef = 77DAE4F22B8A33D80020B4AA /* MyPageProfileView.swift */; };
		77DAE4F52B8A33D80020B4AA /* MyPagePostView.swift in Sources */ = {isa = PBXBuildFile; fileRef = 77DAE4F32B8A33D80020B4AA /* MyPagePostView.swift */; };
		CC7AC6B02B89A07100FA1F8B /* loginViewController.swift in Sources */ = {isa = PBXBuildFile; fileRef = CC7AC6AF2B89A07100FA1F8B /* loginViewController.swift */; };
		CC7AC6B22B89DF0800FA1F8B /* addpageViewController.swift in Sources */ = {isa = PBXBuildFile; fileRef = CC7AC6B12B89DF0800FA1F8B /* addpageViewController.swift */; };
		CC7AC6B42B89EB4F00FA1F8B /* registViewController.swift in Sources */ = {isa = PBXBuildFile; fileRef = CC7AC6B32B89EB4F00FA1F8B /* registViewController.swift */; };
		DB4E6A592B8A016B00624E8C /* KakaoMapsSDK_SPM in Frameworks */ = {isa = PBXBuildFile; productRef = DB4E6A582B8A016B00624E8C /* KakaoMapsSDK_SPM */; };
		DB4E6A5B2B8A01BF00624E8C /* KakaoMapViewController.swift in Sources */ = {isa = PBXBuildFile; fileRef = DB4E6A5A2B8A01BF00624E8C /* KakaoMapViewController.swift */; };
		DBA97AAC2B7E670600C4D6BB /* SnapKit in Frameworks */ = {isa = PBXBuildFile; productRef = DBA97AAB2B7E670600C4D6BB /* SnapKit */; };
		DBA97AAE2B7EEB9300C4D6BB /* TabBarController.swift in Sources */ = {isa = PBXBuildFile; fileRef = DBA97AAD2B7EEB9300C4D6BB /* TabBarController.swift */; };
		DBA97AB02B7EEBEA00C4D6BB /* TabBarView.swift in Sources */ = {isa = PBXBuildFile; fileRef = DBA97AAF2B7EEBEA00C4D6BB /* TabBarView.swift */; };
		DBA97AB22B7EEC8900C4D6BB /* DailyViewController.swift in Sources */ = {isa = PBXBuildFile; fileRef = DBA97AB12B7EEC8900C4D6BB /* DailyViewController.swift */; };
		DBA97AB62B7EECAB00C4D6BB /* LocationViewController.swift in Sources */ = {isa = PBXBuildFile; fileRef = DBA97AB52B7EECAB00C4D6BB /* LocationViewController.swift */; };
		DBA97ABA2B7EEE3200C4D6BB /* BaseViewController.swift in Sources */ = {isa = PBXBuildFile; fileRef = DBA97AB92B7EEE3200C4D6BB /* BaseViewController.swift */; };
		DBA97ABD2B7EEF5300C4D6BB /* FirebaseAnalytics in Frameworks */ = {isa = PBXBuildFile; productRef = DBA97ABC2B7EEF5300C4D6BB /* FirebaseAnalytics */; };
		DBA97ABF2B7EEF5300C4D6BB /* FirebaseAnalyticsOnDeviceConversion in Frameworks */ = {isa = PBXBuildFile; productRef = DBA97ABE2B7EEF5300C4D6BB /* FirebaseAnalyticsOnDeviceConversion */; };
		DBA97AC12B7EEF5300C4D6BB /* FirebaseAnalyticsSwift in Frameworks */ = {isa = PBXBuildFile; productRef = DBA97AC02B7EEF5300C4D6BB /* FirebaseAnalyticsSwift */; };
		DBA97AC32B7EEF5300C4D6BB /* FirebaseAnalyticsWithoutAdIdSupport in Frameworks */ = {isa = PBXBuildFile; productRef = DBA97AC22B7EEF5300C4D6BB /* FirebaseAnalyticsWithoutAdIdSupport */; };
		DBA97AC52B7EEF5300C4D6BB /* FirebaseAppCheck in Frameworks */ = {isa = PBXBuildFile; productRef = DBA97AC42B7EEF5300C4D6BB /* FirebaseAppCheck */; };
		DBA97AC72B7EEF5300C4D6BB /* FirebaseAppDistribution-Beta in Frameworks */ = {isa = PBXBuildFile; productRef = DBA97AC62B7EEF5300C4D6BB /* FirebaseAppDistribution-Beta */; };
		DBA97AC92B7EEF5300C4D6BB /* FirebaseAuth in Frameworks */ = {isa = PBXBuildFile; productRef = DBA97AC82B7EEF5300C4D6BB /* FirebaseAuth */; };
		DBA97ACB2B7EEF5300C4D6BB /* FirebaseAuthCombine-Community in Frameworks */ = {isa = PBXBuildFile; productRef = DBA97ACA2B7EEF5300C4D6BB /* FirebaseAuthCombine-Community */; };
		DBA97ACD2B7EEF5300C4D6BB /* FirebaseCrashlytics in Frameworks */ = {isa = PBXBuildFile; productRef = DBA97ACC2B7EEF5300C4D6BB /* FirebaseCrashlytics */; };
		DBA97ACF2B7EEF5300C4D6BB /* FirebaseDatabase in Frameworks */ = {isa = PBXBuildFile; productRef = DBA97ACE2B7EEF5300C4D6BB /* FirebaseDatabase */; };
		DBA97AD12B7EEF5300C4D6BB /* FirebaseDatabaseSwift in Frameworks */ = {isa = PBXBuildFile; productRef = DBA97AD02B7EEF5300C4D6BB /* FirebaseDatabaseSwift */; };
		DBA97AD32B7EEF5300C4D6BB /* FirebaseDynamicLinks in Frameworks */ = {isa = PBXBuildFile; productRef = DBA97AD22B7EEF5300C4D6BB /* FirebaseDynamicLinks */; };
		DBA97AD52B7EEF5300C4D6BB /* FirebaseFirestore in Frameworks */ = {isa = PBXBuildFile; productRef = DBA97AD42B7EEF5300C4D6BB /* FirebaseFirestore */; };
		DBA97AD72B7EEF5300C4D6BB /* FirebaseFirestoreCombine-Community in Frameworks */ = {isa = PBXBuildFile; productRef = DBA97AD62B7EEF5300C4D6BB /* FirebaseFirestoreCombine-Community */; };
		DBA97AD92B7EEF5300C4D6BB /* FirebaseFirestoreSwift in Frameworks */ = {isa = PBXBuildFile; productRef = DBA97AD82B7EEF5300C4D6BB /* FirebaseFirestoreSwift */; };
		DBA97ADB2B7EEF5300C4D6BB /* FirebaseFunctions in Frameworks */ = {isa = PBXBuildFile; productRef = DBA97ADA2B7EEF5300C4D6BB /* FirebaseFunctions */; };
		DBA97ADD2B7EEF5300C4D6BB /* FirebaseFunctionsCombine-Community in Frameworks */ = {isa = PBXBuildFile; productRef = DBA97ADC2B7EEF5300C4D6BB /* FirebaseFunctionsCombine-Community */; };
		DBA97ADF2B7EEF5300C4D6BB /* FirebaseInAppMessaging-Beta in Frameworks */ = {isa = PBXBuildFile; productRef = DBA97ADE2B7EEF5300C4D6BB /* FirebaseInAppMessaging-Beta */; };
		DBA97AE12B7EEF5300C4D6BB /* FirebaseInAppMessagingSwift-Beta in Frameworks */ = {isa = PBXBuildFile; productRef = DBA97AE02B7EEF5300C4D6BB /* FirebaseInAppMessagingSwift-Beta */; };
		DBA97AE32B7EEF5300C4D6BB /* FirebaseInstallations in Frameworks */ = {isa = PBXBuildFile; productRef = DBA97AE22B7EEF5300C4D6BB /* FirebaseInstallations */; };
		DBA97AE52B7EEF5300C4D6BB /* FirebaseMLModelDownloader in Frameworks */ = {isa = PBXBuildFile; productRef = DBA97AE42B7EEF5300C4D6BB /* FirebaseMLModelDownloader */; };
		DBA97AE72B7EEF5300C4D6BB /* FirebaseMessaging in Frameworks */ = {isa = PBXBuildFile; productRef = DBA97AE62B7EEF5300C4D6BB /* FirebaseMessaging */; };
		DBA97AE92B7EEF5300C4D6BB /* FirebasePerformance in Frameworks */ = {isa = PBXBuildFile; productRef = DBA97AE82B7EEF5300C4D6BB /* FirebasePerformance */; };
		DBA97AEB2B7EEF5300C4D6BB /* FirebaseRemoteConfig in Frameworks */ = {isa = PBXBuildFile; productRef = DBA97AEA2B7EEF5300C4D6BB /* FirebaseRemoteConfig */; };
		DBA97AED2B7EEF5300C4D6BB /* FirebaseRemoteConfigSwift in Frameworks */ = {isa = PBXBuildFile; productRef = DBA97AEC2B7EEF5300C4D6BB /* FirebaseRemoteConfigSwift */; };
		DBA97AEF2B7EEF5300C4D6BB /* FirebaseStorage in Frameworks */ = {isa = PBXBuildFile; productRef = DBA97AEE2B7EEF5300C4D6BB /* FirebaseStorage */; };
		DBA97AF12B7EEF5300C4D6BB /* FirebaseStorageCombine-Community in Frameworks */ = {isa = PBXBuildFile; productRef = DBA97AF02B7EEF5300C4D6BB /* FirebaseStorageCombine-Community */; };
		DBA97AF42B7EF1BA00C4D6BB /* IntroViewController.swift in Sources */ = {isa = PBXBuildFile; fileRef = DBA97AF32B7EF1BA00C4D6BB /* IntroViewController.swift */; };
		DBA97AF62B7EF20F00C4D6BB /* DataManager.swift in Sources */ = {isa = PBXBuildFile; fileRef = DBA97AF52B7EF20F00C4D6BB /* DataManager.swift */; };
		DBA97AF82B7EF23400C4D6BB /* UserModel.swift in Sources */ = {isa = PBXBuildFile; fileRef = DBA97AF72B7EF23400C4D6BB /* UserModel.swift */; };
		DBA97AFA2B7EF25F00C4D6BB /* Pet.swift in Sources */ = {isa = PBXBuildFile; fileRef = DBA97AF92B7EF25F00C4D6BB /* Pet.swift */; };
		DBA97AFC2B7EF39400C4D6BB /* BaseHeaderViewController.swift in Sources */ = {isa = PBXBuildFile; fileRef = DBA97AFB2B7EF39400C4D6BB /* BaseHeaderViewController.swift */; };
		DBA97AFE2B7EF3BB00C4D6BB /* CommonHeaderView.swift in Sources */ = {isa = PBXBuildFile; fileRef = DBA97AFD2B7EF3BB00C4D6BB /* CommonHeaderView.swift */; };
		DBA97B002B7EF43300C4D6BB /* CommonHeaderView.xib in Resources */ = {isa = PBXBuildFile; fileRef = DBA97AFF2B7EF43300C4D6BB /* CommonHeaderView.xib */; };
		DBA97B022B7EF47600C4D6BB /* Common.swift in Sources */ = {isa = PBXBuildFile; fileRef = DBA97B012B7EF47600C4D6BB /* Common.swift */; };
		DBA97B042B7EF82C00C4D6BB /* UIView+Extension.swift in Sources */ = {isa = PBXBuildFile; fileRef = DBA97B032B7EF82C00C4D6BB /* UIView+Extension.swift */; };
		DBA97B062B7EF86600C4D6BB /* CommonUtil.swift in Sources */ = {isa = PBXBuildFile; fileRef = DBA97B052B7EF86600C4D6BB /* CommonUtil.swift */; };
		DBDBA40C2B7EFB18004C10C3 /* GoogleService-Info.plist in Resources */ = {isa = PBXBuildFile; fileRef = DBDBA40B2B7EFB18004C10C3 /* GoogleService-Info.plist */; };
		DBDBA4152B7F03F2004C10C3 /* launch-screen.gif in Resources */ = {isa = PBXBuildFile; fileRef = DBDBA4142B7F03F2004C10C3 /* launch-screen.gif */; };
/* End PBXBuildFile section */

/* Begin PBXFileReference section */
		33946F8B2B89F59B00C0EDF3 /* AppConstraint.swift */ = {isa = PBXFileReference; fileEncoding = 4; lastKnownFileType = sourcecode.swift; path = AppConstraint.swift; sourceTree = "<group>"; };
		33946F8D2B89F5F600C0EDF3 /* UIViewController+.swift */ = {isa = PBXFileReference; fileEncoding = 4; lastKnownFileType = sourcecode.swift; path = "UIViewController+.swift"; sourceTree = "<group>"; };
		33BA6C4D2B7E629D004AA232 /* ThemeColor.swift */ = {isa = PBXFileReference; lastKnownFileType = sourcecode.swift; path = ThemeColor.swift; sourceTree = "<group>"; };
		33BA6C502B7E631B004AA232 /* UIColor+.swift */ = {isa = PBXFileReference; lastKnownFileType = sourcecode.swift; path = "UIColor+.swift"; sourceTree = "<group>"; };
		33FE52FB2B89F49000BF1E98 /* InfoView.swift */ = {isa = PBXFileReference; fileEncoding = 4; lastKnownFileType = sourcecode.swift; path = InfoView.swift; sourceTree = "<group>"; };
		33FE52FD2B89F49000BF1E98 /* InfoPopularCell.swift */ = {isa = PBXFileReference; fileEncoding = 4; lastKnownFileType = sourcecode.swift; path = InfoPopularCell.swift; sourceTree = "<group>"; };
		33FE52FE2B89F49000BF1E98 /* InfoShareCell.swift */ = {isa = PBXFileReference; fileEncoding = 4; lastKnownFileType = sourcecode.swift; path = InfoShareCell.swift; sourceTree = "<group>"; };
		33FE52FF2B89F49000BF1E98 /* InfoViewController.swift */ = {isa = PBXFileReference; fileEncoding = 4; lastKnownFileType = sourcecode.swift; path = InfoViewController.swift; sourceTree = "<group>"; };
		33FE53022B89F49000BF1E98 /* InfoSearchCategoryCell.swift */ = {isa = PBXFileReference; fileEncoding = 4; lastKnownFileType = sourcecode.swift; path = InfoSearchCategoryCell.swift; sourceTree = "<group>"; };
		33FE53032B89F49000BF1E98 /* InfoSearchTopicCell.swift */ = {isa = PBXFileReference; fileEncoding = 4; lastKnownFileType = sourcecode.swift; path = InfoSearchTopicCell.swift; sourceTree = "<group>"; };
		33FE53042B89F49000BF1E98 /* InfoSearchViewModel.swift */ = {isa = PBXFileReference; fileEncoding = 4; lastKnownFileType = sourcecode.swift; path = InfoSearchViewModel.swift; sourceTree = "<group>"; };
		33FE53062B89F49000BF1E98 /* InfoSearchSection.swift */ = {isa = PBXFileReference; fileEncoding = 4; lastKnownFileType = sourcecode.swift; path = InfoSearchSection.swift; sourceTree = "<group>"; };
		33FE53082B89F49000BF1E98 /* InfoSearchView.swift */ = {isa = PBXFileReference; fileEncoding = 4; lastKnownFileType = sourcecode.swift; path = InfoSearchView.swift; sourceTree = "<group>"; };
		33FE53092B89F49000BF1E98 /* InfoSearchContentView.swift */ = {isa = PBXFileReference; fileEncoding = 4; lastKnownFileType = sourcecode.swift; path = InfoSearchContentView.swift; sourceTree = "<group>"; };
		33FE530A2B89F49000BF1E98 /* InfoSearchCollectionView.swift */ = {isa = PBXFileReference; fileEncoding = 4; lastKnownFileType = sourcecode.swift; path = InfoSearchCollectionView.swift; sourceTree = "<group>"; };
		33FE530B2B89F49000BF1E98 /* InfoSearchViewController.swift */ = {isa = PBXFileReference; fileEncoding = 4; lastKnownFileType = sourcecode.swift; path = InfoSearchViewController.swift; sourceTree = "<group>"; };
		33FE530D2B89F49000BF1E98 /* InfoSearchTopicHeader.swift */ = {isa = PBXFileReference; fileEncoding = 4; lastKnownFileType = sourcecode.swift; path = InfoSearchTopicHeader.swift; sourceTree = "<group>"; };
		33FE530E2B89F49000BF1E98 /* InfoSearchCategoryHeader.swift */ = {isa = PBXFileReference; fileEncoding = 4; lastKnownFileType = sourcecode.swift; path = InfoSearchCategoryHeader.swift; sourceTree = "<group>"; };
		33FE530F2B89F49000BF1E98 /* InfoViewModel.swift */ = {isa = PBXFileReference; fileEncoding = 4; lastKnownFileType = sourcecode.swift; path = InfoViewModel.swift; sourceTree = "<group>"; };
		33FE53112B89F49000BF1E98 /* ShareInfo.swift */ = {isa = PBXFileReference; fileEncoding = 4; lastKnownFileType = sourcecode.swift; path = ShareInfo.swift; sourceTree = "<group>"; };
		33FE53122B89F49000BF1E98 /* PopularInfo.swift */ = {isa = PBXFileReference; fileEncoding = 4; lastKnownFileType = sourcecode.swift; path = PopularInfo.swift; sourceTree = "<group>"; };
		33FE53132B89F49000BF1E98 /* InfoSection.swift */ = {isa = PBXFileReference; fileEncoding = 4; lastKnownFileType = sourcecode.swift; path = InfoSection.swift; sourceTree = "<group>"; };
		33FE53152B89F49000BF1E98 /* InfoDetailView.swift */ = {isa = PBXFileReference; fileEncoding = 4; lastKnownFileType = sourcecode.swift; path = InfoDetailView.swift; sourceTree = "<group>"; };
		33FE53162B89F49000BF1E98 /* InfoDetailViewModel.swift */ = {isa = PBXFileReference; fileEncoding = 4; lastKnownFileType = sourcecode.swift; path = InfoDetailViewModel.swift; sourceTree = "<group>"; };
		33FE53172B89F49000BF1E98 /* InfoDetailViewController.swift */ = {isa = PBXFileReference; fileEncoding = 4; lastKnownFileType = sourcecode.swift; path = InfoDetailViewController.swift; sourceTree = "<group>"; };
		33FE53192B89F49000BF1E98 /* InfoDetailCommentCell.swift */ = {isa = PBXFileReference; fileEncoding = 4; lastKnownFileType = sourcecode.swift; path = InfoDetailCommentCell.swift; sourceTree = "<group>"; };
		33FE531B2B89F49000BF1E98 /* Comment.swift */ = {isa = PBXFileReference; fileEncoding = 4; lastKnownFileType = sourcecode.swift; path = Comment.swift; sourceTree = "<group>"; };
		33FE531C2B89F49000BF1E98 /* InfoDetailContentView.swift */ = {isa = PBXFileReference; fileEncoding = 4; lastKnownFileType = sourcecode.swift; path = InfoDetailContentView.swift; sourceTree = "<group>"; };
		33FE531E2B89F49000BF1E98 /* InfoDetailCommentHeader.swift */ = {isa = PBXFileReference; fileEncoding = 4; lastKnownFileType = sourcecode.swift; path = InfoDetailCommentHeader.swift; sourceTree = "<group>"; };
		33FE53202B89F49000BF1E98 /* InfoShareHeader.swift */ = {isa = PBXFileReference; fileEncoding = 4; lastKnownFileType = sourcecode.swift; path = InfoShareHeader.swift; sourceTree = "<group>"; };
		33FE53212B89F49000BF1E98 /* InfoPopularHeader.swift */ = {isa = PBXFileReference; fileEncoding = 4; lastKnownFileType = sourcecode.swift; path = InfoPopularHeader.swift; sourceTree = "<group>"; };
		33FE533D2B89F4B400BF1E98 /* ThemeFont.swift */ = {isa = PBXFileReference; fileEncoding = 4; lastKnownFileType = sourcecode.swift; path = ThemeFont.swift; sourceTree = "<group>"; };
		560DFC002B7E5B6B00487736 /* Petmily.ios.app */ = {isa = PBXFileReference; explicitFileType = wrapper.application; includeInIndex = 0; path = Petmily.ios.app; sourceTree = BUILT_PRODUCTS_DIR; };
		560DFC032B7E5B6B00487736 /* AppDelegate.swift */ = {isa = PBXFileReference; lastKnownFileType = sourcecode.swift; path = AppDelegate.swift; sourceTree = "<group>"; };
		560DFC0C2B7E5B7000487736 /* Assets.xcassets */ = {isa = PBXFileReference; lastKnownFileType = folder.assetcatalog; path = Assets.xcassets; sourceTree = "<group>"; };
		560DFC0F2B7E5B7000487736 /* Base */ = {isa = PBXFileReference; lastKnownFileType = file.storyboard; name = Base; path = Base.lproj/LaunchScreen.storyboard; sourceTree = "<group>"; };
		560DFC112B7E5B7000487736 /* Info.plist */ = {isa = PBXFileReference; lastKnownFileType = text.plist.xml; path = Info.plist; sourceTree = "<group>"; };
		562351532B80FD61005B2071 /* DailyCollectionViewCell.swift */ = {isa = PBXFileReference; lastKnownFileType = sourcecode.swift; path = DailyCollectionViewCell.swift; sourceTree = "<group>"; };
		563E617D2B896850006FC307 /* UIImage+Extension.swift */ = {isa = PBXFileReference; lastKnownFileType = sourcecode.swift; path = "UIImage+Extension.swift"; sourceTree = "<group>"; };
		563E617F2B896B88006FC307 /* UIColor+Extension.swift */ = {isa = PBXFileReference; lastKnownFileType = sourcecode.swift; path = "UIColor+Extension.swift"; sourceTree = "<group>"; };
		563E61852B89A09F006FC307 /* CommentView.swift */ = {isa = PBXFileReference; lastKnownFileType = sourcecode.swift; path = CommentView.swift; sourceTree = "<group>"; };
		563E61872B89A0A8006FC307 /* CommentViewController.swift */ = {isa = PBXFileReference; lastKnownFileType = sourcecode.swift; path = CommentViewController.swift; sourceTree = "<group>"; };
		563E61892B89A2ED006FC307 /* CommentTableViewCell.swift */ = {isa = PBXFileReference; lastKnownFileType = sourcecode.swift; path = CommentTableViewCell.swift; sourceTree = "<group>"; };
		56FD906F2B80F43B00AAD29B /* DailyView.swift */ = {isa = PBXFileReference; lastKnownFileType = sourcecode.swift; path = DailyView.swift; sourceTree = "<group>"; };
		77DAE4EA2B8A33CD0020B4AA /* MyPageViewController.swift */ = {isa = PBXFileReference; lastKnownFileType = sourcecode.swift; path = MyPageViewController.swift; sourceTree = "<group>"; };
		77DAE4EB2B8A33CD0020B4AA /* MyPageSettingViewController.swift */ = {isa = PBXFileReference; lastKnownFileType = sourcecode.swift; path = MyPageSettingViewController.swift; sourceTree = "<group>"; };
		77DAE4EE2B8A33D10020B4AA /* MyPageCollectionViewCell.swift */ = {isa = PBXFileReference; lastKnownFileType = sourcecode.swift; path = MyPageCollectionViewCell.swift; sourceTree = "<group>"; };
		77DAE4EF2B8A33D10020B4AA /* MyPageInfoCell.swift */ = {isa = PBXFileReference; lastKnownFileType = sourcecode.swift; path = MyPageInfoCell.swift; sourceTree = "<group>"; };
		77DAE4F22B8A33D80020B4AA /* MyPageProfileView.swift */ = {isa = PBXFileReference; lastKnownFileType = sourcecode.swift; path = MyPageProfileView.swift; sourceTree = "<group>"; };
		77DAE4F32B8A33D80020B4AA /* MyPagePostView.swift */ = {isa = PBXFileReference; lastKnownFileType = sourcecode.swift; path = MyPagePostView.swift; sourceTree = "<group>"; };
		CC7AC6AF2B89A07100FA1F8B /* loginViewController.swift */ = {isa = PBXFileReference; lastKnownFileType = sourcecode.swift; path = loginViewController.swift; sourceTree = "<group>"; };
		CC7AC6B12B89DF0800FA1F8B /* addpageViewController.swift */ = {isa = PBXFileReference; lastKnownFileType = sourcecode.swift; path = addpageViewController.swift; sourceTree = "<group>"; };
		CC7AC6B32B89EB4F00FA1F8B /* registViewController.swift */ = {isa = PBXFileReference; lastKnownFileType = sourcecode.swift; path = registViewController.swift; sourceTree = "<group>"; };
		DB4E6A5A2B8A01BF00624E8C /* KakaoMapViewController.swift */ = {isa = PBXFileReference; lastKnownFileType = sourcecode.swift; path = KakaoMapViewController.swift; sourceTree = "<group>"; };
		DBA97AAD2B7EEB9300C4D6BB /* TabBarController.swift */ = {isa = PBXFileReference; lastKnownFileType = sourcecode.swift; path = TabBarController.swift; sourceTree = "<group>"; };
		DBA97AAF2B7EEBEA00C4D6BB /* TabBarView.swift */ = {isa = PBXFileReference; lastKnownFileType = sourcecode.swift; path = TabBarView.swift; sourceTree = "<group>"; };
		DBA97AB12B7EEC8900C4D6BB /* DailyViewController.swift */ = {isa = PBXFileReference; lastKnownFileType = sourcecode.swift; path = DailyViewController.swift; sourceTree = "<group>"; };
		DBA97AB52B7EECAB00C4D6BB /* LocationViewController.swift */ = {isa = PBXFileReference; lastKnownFileType = sourcecode.swift; path = LocationViewController.swift; sourceTree = "<group>"; };
		DBA97AB92B7EEE3200C4D6BB /* BaseViewController.swift */ = {isa = PBXFileReference; lastKnownFileType = sourcecode.swift; path = BaseViewController.swift; sourceTree = "<group>"; };
		DBA97AF32B7EF1BA00C4D6BB /* IntroViewController.swift */ = {isa = PBXFileReference; lastKnownFileType = sourcecode.swift; path = IntroViewController.swift; sourceTree = "<group>"; };
		DBA97AF52B7EF20F00C4D6BB /* DataManager.swift */ = {isa = PBXFileReference; lastKnownFileType = sourcecode.swift; path = DataManager.swift; sourceTree = "<group>"; };
		DBA97AF72B7EF23400C4D6BB /* UserModel.swift */ = {isa = PBXFileReference; lastKnownFileType = sourcecode.swift; path = UserModel.swift; sourceTree = "<group>"; };
		DBA97AF92B7EF25F00C4D6BB /* Pet.swift */ = {isa = PBXFileReference; lastKnownFileType = sourcecode.swift; path = Pet.swift; sourceTree = "<group>"; };
		DBA97AFB2B7EF39400C4D6BB /* BaseHeaderViewController.swift */ = {isa = PBXFileReference; lastKnownFileType = sourcecode.swift; path = BaseHeaderViewController.swift; sourceTree = "<group>"; };
		DBA97AFD2B7EF3BB00C4D6BB /* CommonHeaderView.swift */ = {isa = PBXFileReference; lastKnownFileType = sourcecode.swift; path = CommonHeaderView.swift; sourceTree = "<group>"; };
		DBA97AFF2B7EF43300C4D6BB /* CommonHeaderView.xib */ = {isa = PBXFileReference; fileEncoding = 4; lastKnownFileType = file.xib; path = CommonHeaderView.xib; sourceTree = "<group>"; };
		DBA97B012B7EF47600C4D6BB /* Common.swift */ = {isa = PBXFileReference; lastKnownFileType = sourcecode.swift; path = Common.swift; sourceTree = "<group>"; };
		DBA97B032B7EF82C00C4D6BB /* UIView+Extension.swift */ = {isa = PBXFileReference; lastKnownFileType = sourcecode.swift; path = "UIView+Extension.swift"; sourceTree = "<group>"; };
		DBA97B052B7EF86600C4D6BB /* CommonUtil.swift */ = {isa = PBXFileReference; lastKnownFileType = sourcecode.swift; path = CommonUtil.swift; sourceTree = "<group>"; };
		DBDBA40B2B7EFB18004C10C3 /* GoogleService-Info.plist */ = {isa = PBXFileReference; fileEncoding = 4; lastKnownFileType = text.plist.xml; path = "GoogleService-Info.plist"; sourceTree = "<group>"; };
		DBDBA4142B7F03F2004C10C3 /* launch-screen.gif */ = {isa = PBXFileReference; lastKnownFileType = image.gif; path = "launch-screen.gif"; sourceTree = "<group>"; };
/* End PBXFileReference section */

/* Begin PBXFrameworksBuildPhase section */
		560DFBFD2B7E5B6B00487736 /* Frameworks */ = {
			isa = PBXFrameworksBuildPhase;
			buildActionMask = 2147483647;
			files = (
				DBA97ADB2B7EEF5300C4D6BB /* FirebaseFunctions in Frameworks */,
				DBA97AD12B7EEF5300C4D6BB /* FirebaseDatabaseSwift in Frameworks */,
				DBA97AE12B7EEF5300C4D6BB /* FirebaseInAppMessagingSwift-Beta in Frameworks */,
				DBA97AE72B7EEF5300C4D6BB /* FirebaseMessaging in Frameworks */,
				DBA97AC72B7EEF5300C4D6BB /* FirebaseAppDistribution-Beta in Frameworks */,
				DBA97ACB2B7EEF5300C4D6BB /* FirebaseAuthCombine-Community in Frameworks */,
				33F7747F2B8059D60044DF28 /* FirebaseDatabaseSwift in Frameworks */,
				33F7746F2B8059D60044DF28 /* FirebaseAnalyticsSwift in Frameworks */,
				33F774712B8059D60044DF28 /* FirebaseAnalyticsWithoutAdIdSupport in Frameworks */,
				DBA97AD72B7EEF5300C4D6BB /* FirebaseFirestoreCombine-Community in Frameworks */,
				33F7748F2B8059D60044DF28 /* FirebaseInAppMessagingSwift-Beta in Frameworks */,
				33F774832B8059D60044DF28 /* FirebaseFirestore in Frameworks */,
				33F7746D2B8059D60044DF28 /* FirebaseAnalyticsOnDeviceConversion in Frameworks */,
				33F774732B8059D60044DF28 /* FirebaseAppCheck in Frameworks */,
				DBA97AC12B7EEF5300C4D6BB /* FirebaseAnalyticsSwift in Frameworks */,
				DBA97AE52B7EEF5300C4D6BB /* FirebaseMLModelDownloader in Frameworks */,
				33F774872B8059D60044DF28 /* FirebaseFirestoreSwift in Frameworks */,
				DBA97AC32B7EEF5300C4D6BB /* FirebaseAnalyticsWithoutAdIdSupport in Frameworks */,
				DBA97ABD2B7EEF5300C4D6BB /* FirebaseAnalytics in Frameworks */,
				DBA97AD92B7EEF5300C4D6BB /* FirebaseFirestoreSwift in Frameworks */,
				33F7747D2B8059D60044DF28 /* FirebaseDatabase in Frameworks */,
				DBA97ABF2B7EEF5300C4D6BB /* FirebaseAnalyticsOnDeviceConversion in Frameworks */,
				33F774812B8059D60044DF28 /* FirebaseDynamicLinks in Frameworks */,
				DBA97AC52B7EEF5300C4D6BB /* FirebaseAppCheck in Frameworks */,
				DBA97AE92B7EEF5300C4D6BB /* FirebasePerformance in Frameworks */,
				33F774792B8059D60044DF28 /* FirebaseAuthCombine-Community in Frameworks */,
				DBA97ADF2B7EEF5300C4D6BB /* FirebaseInAppMessaging-Beta in Frameworks */,
				DBA97ADD2B7EEF5300C4D6BB /* FirebaseFunctionsCombine-Community in Frameworks */,
				DBA97ACD2B7EEF5300C4D6BB /* FirebaseCrashlytics in Frameworks */,
				33F774852B8059D60044DF28 /* FirebaseFirestoreCombine-Community in Frameworks */,
				DBA97AE32B7EEF5300C4D6BB /* FirebaseInstallations in Frameworks */,
				DBA97AEB2B7EEF5300C4D6BB /* FirebaseRemoteConfig in Frameworks */,
				33F774892B8059D60044DF28 /* FirebaseFunctions in Frameworks */,
				330241802B805A070045F56E /* SnapKit in Frameworks */,
				DBA97AEF2B7EEF5300C4D6BB /* FirebaseStorage in Frameworks */,
				33F7748D2B8059D60044DF28 /* FirebaseInAppMessaging-Beta in Frameworks */,
				33F7747B2B8059D60044DF28 /* FirebaseCrashlytics in Frameworks */,
				DB4E6A592B8A016B00624E8C /* KakaoMapsSDK_SPM in Frameworks */,
				33946F8A2B89F56E00C0EDF3 /* Kingfisher in Frameworks */,
				DBA97ACF2B7EEF5300C4D6BB /* FirebaseDatabase in Frameworks */,
				33F774772B8059D60044DF28 /* FirebaseAuth in Frameworks */,
				DBA97AF12B7EEF5300C4D6BB /* FirebaseStorageCombine-Community in Frameworks */,
				DBA97AAC2B7E670600C4D6BB /* SnapKit in Frameworks */,
				33F7748B2B8059D60044DF28 /* FirebaseFunctionsCombine-Community in Frameworks */,
				DBA97AC92B7EEF5300C4D6BB /* FirebaseAuth in Frameworks */,
				DBA97AD32B7EEF5300C4D6BB /* FirebaseDynamicLinks in Frameworks */,
				DBA97AD52B7EEF5300C4D6BB /* FirebaseFirestore in Frameworks */,
				33F774752B8059D60044DF28 /* FirebaseAppDistribution-Beta in Frameworks */,
				33F7746B2B8059D60044DF28 /* FirebaseAnalytics in Frameworks */,
				DBA97AED2B7EEF5300C4D6BB /* FirebaseRemoteConfigSwift in Frameworks */,
			);
			runOnlyForDeploymentPostprocessing = 0;
		};
/* End PBXFrameworksBuildPhase section */

/* Begin PBXGroup section */
		3326075D2B8A43AF00A66DC5 /* InfoRoot */ = {
			isa = PBXGroup;
			children = (
				33FE52FC2B89F49000BF1E98 /* Cell */,
				33FE531F2B89F49000BF1E98 /* Header */,
				33FE53102B89F49000BF1E98 /* Model */,
				33FE52FB2B89F49000BF1E98 /* InfoView.swift */,
				33FE530F2B89F49000BF1E98 /* InfoViewModel.swift */,
				33FE52FF2B89F49000BF1E98 /* InfoViewController.swift */,
			);
			path = InfoRoot;
			sourceTree = "<group>";
		};
		3326075E2B8A44C800A66DC5 /* View */ = {
			isa = PBXGroup;
			children = (
				33FE53152B89F49000BF1E98 /* InfoDetailView.swift */,
				33FE531C2B89F49000BF1E98 /* InfoDetailContentView.swift */,
			);
			path = View;
			sourceTree = "<group>";
		};
		33BA6C4F2B7E6309004AA232 /* DesignSource */ = {
			isa = PBXGroup;
			children = (
				33BA6C4D2B7E629D004AA232 /* ThemeColor.swift */,
				33FE533D2B89F4B400BF1E98 /* ThemeFont.swift */,
			);
			path = DesignSource;
			sourceTree = "<group>";
		};
		33BA6C522B7E6322004AA232 /* Extension */ = {
			isa = PBXGroup;
			children = (
				33BA6C502B7E631B004AA232 /* UIColor+.swift */,
			);
			path = Extension;
			sourceTree = "<group>";
		};
		33FE52FA2B89F49000BF1E98 /* Info */ = {
			isa = PBXGroup;
			children = (
				3326075D2B8A43AF00A66DC5 /* InfoRoot */,
				33FE53002B89F49000BF1E98 /* InfoSearch */,
				33FE53142B89F49000BF1E98 /* InfoDetail */,
			);
			path = Info;
			sourceTree = "<group>";
		};
		33FE52FC2B89F49000BF1E98 /* Cell */ = {
			isa = PBXGroup;
			children = (
				33FE52FD2B89F49000BF1E98 /* InfoPopularCell.swift */,
				33FE52FE2B89F49000BF1E98 /* InfoShareCell.swift */,
			);
			path = Cell;
			sourceTree = "<group>";
		};
		33FE53002B89F49000BF1E98 /* InfoSearch */ = {
			isa = PBXGroup;
			children = (
				33FE53012B89F49000BF1E98 /* Cell */,
				33FE530C2B89F49000BF1E98 /* Header */,
				33FE53052B89F49000BF1E98 /* Model */,
				33FE53072B89F49000BF1E98 /* View */,
				33FE53042B89F49000BF1E98 /* InfoSearchViewModel.swift */,
				33FE530B2B89F49000BF1E98 /* InfoSearchViewController.swift */,
			);
			path = InfoSearch;
			sourceTree = "<group>";
		};
		33FE53012B89F49000BF1E98 /* Cell */ = {
			isa = PBXGroup;
			children = (
				33FE53022B89F49000BF1E98 /* InfoSearchCategoryCell.swift */,
				33FE53032B89F49000BF1E98 /* InfoSearchTopicCell.swift */,
			);
			path = Cell;
			sourceTree = "<group>";
		};
		33FE53052B89F49000BF1E98 /* Model */ = {
			isa = PBXGroup;
			children = (
				33FE53062B89F49000BF1E98 /* InfoSearchSection.swift */,
			);
			path = Model;
			sourceTree = "<group>";
		};
		33FE53072B89F49000BF1E98 /* View */ = {
			isa = PBXGroup;
			children = (
				33FE53082B89F49000BF1E98 /* InfoSearchView.swift */,
				33FE53092B89F49000BF1E98 /* InfoSearchContentView.swift */,
				33FE530A2B89F49000BF1E98 /* InfoSearchCollectionView.swift */,
			);
			path = View;
			sourceTree = "<group>";
		};
		33FE530C2B89F49000BF1E98 /* Header */ = {
			isa = PBXGroup;
			children = (
				33FE530D2B89F49000BF1E98 /* InfoSearchTopicHeader.swift */,
				33FE530E2B89F49000BF1E98 /* InfoSearchCategoryHeader.swift */,
			);
			path = Header;
			sourceTree = "<group>";
		};
		33FE53102B89F49000BF1E98 /* Model */ = {
			isa = PBXGroup;
			children = (
				33FE53112B89F49000BF1E98 /* ShareInfo.swift */,
				33FE53122B89F49000BF1E98 /* PopularInfo.swift */,
				33FE53132B89F49000BF1E98 /* InfoSection.swift */,
			);
			path = Model;
			sourceTree = "<group>";
		};
		33FE53142B89F49000BF1E98 /* InfoDetail */ = {
			isa = PBXGroup;
			children = (
				33FE53182B89F49000BF1E98 /* Cell */,
				33FE531D2B89F49000BF1E98 /* Header */,
				33FE531A2B89F49000BF1E98 /* Model */,
				3326075E2B8A44C800A66DC5 /* View */,
				33FE53162B89F49000BF1E98 /* InfoDetailViewModel.swift */,
				33FE53172B89F49000BF1E98 /* InfoDetailViewController.swift */,
			);
			path = InfoDetail;
			sourceTree = "<group>";
		};
		33FE53182B89F49000BF1E98 /* Cell */ = {
			isa = PBXGroup;
			children = (
				33FE53192B89F49000BF1E98 /* InfoDetailCommentCell.swift */,
			);
			path = Cell;
			sourceTree = "<group>";
		};
		33FE531A2B89F49000BF1E98 /* Model */ = {
			isa = PBXGroup;
			children = (
				33FE531B2B89F49000BF1E98 /* Comment.swift */,
			);
			path = Model;
			sourceTree = "<group>";
		};
		33FE531D2B89F49000BF1E98 /* Header */ = {
			isa = PBXGroup;
			children = (
				33FE531E2B89F49000BF1E98 /* InfoDetailCommentHeader.swift */,
			);
			path = Header;
			sourceTree = "<group>";
		};
		33FE531F2B89F49000BF1E98 /* Header */ = {
			isa = PBXGroup;
			children = (
				33FE53202B89F49000BF1E98 /* InfoShareHeader.swift */,
				33FE53212B89F49000BF1E98 /* InfoPopularHeader.swift */,
			);
			path = Header;
			sourceTree = "<group>";
		};
		560DFBF72B7E5B6B00487736 = {
			isa = PBXGroup;
			children = (
				560DFC022B7E5B6B00487736 /* Petmily.ios */,
				560DFC012B7E5B6B00487736 /* Products */,
			);
			sourceTree = "<group>";
		};
		560DFC012B7E5B6B00487736 /* Products */ = {
			isa = PBXGroup;
			children = (
				560DFC002B7E5B6B00487736 /* Petmily.ios.app */,
			);
			name = Products;
			sourceTree = "<group>";
		};
		560DFC022B7E5B6B00487736 /* Petmily.ios */ = {
			isa = PBXGroup;
			children = (
				CC7AC6B12B89DF0800FA1F8B /* addpageViewController.swift */,
				CC7AC6B32B89EB4F00FA1F8B /* registViewController.swift */,
				CC7AC6AF2B89A07100FA1F8B /* loginViewController.swift */,
				560DFC032B7E5B6B00487736 /* AppDelegate.swift */,
				DBDBA40F2B7F0220004C10C3 /* ViewController */,
				DBDBA4122B7F02CD004C10C3 /* Base */,
				DBDBA40E2B7F0219004C10C3 /* Util */,
				DBDBA40D2B7F020F004C10C3 /* Model */,
				33BA6C4F2B7E6309004AA232 /* DesignSource */,
				33BA6C522B7E6322004AA232 /* Extension */,
				560DFC0C2B7E5B7000487736 /* Assets.xcassets */,
				560DFC0E2B7E5B7000487736 /* LaunchScreen.storyboard */,
				560DFC112B7E5B7000487736 /* Info.plist */,
				DBDBA40B2B7EFB18004C10C3 /* GoogleService-Info.plist */,
				DBDBA4142B7F03F2004C10C3 /* launch-screen.gif */,
			);
			path = Petmily.ios;
			sourceTree = "<group>";
		};
		56FD90712B80F44100AAD29B /* Daily */ = {
			isa = PBXGroup;
			children = (
				DBA97AB12B7EEC8900C4D6BB /* DailyViewController.swift */,
				56FD906F2B80F43B00AAD29B /* DailyView.swift */,
				562351532B80FD61005B2071 /* DailyCollectionViewCell.swift */,
				563E61872B89A0A8006FC307 /* CommentViewController.swift */,
				563E61852B89A09F006FC307 /* CommentView.swift */,
				563E61892B89A2ED006FC307 /* CommentTableViewCell.swift */,
			);
			name = Daily;
			sourceTree = "<group>";
		};
		77DAE4F62B8A340D0020B4AA /* MyPage */ = {
			isa = PBXGroup;
			children = (
				77DAE4EA2B8A33CD0020B4AA /* MyPageViewController.swift */,
				77DAE4FA2B8A34310020B4AA /* MyPageSetting */,
				77DAE4F82B8A34240020B4AA /* Cell */,
				77DAE4F72B8A34170020B4AA /* View */,
			);
			path = MyPage;
			sourceTree = "<group>";
		};
		77DAE4F72B8A34170020B4AA /* View */ = {
			isa = PBXGroup;
			children = (
				77DAE4F32B8A33D80020B4AA /* MyPagePostView.swift */,
				77DAE4F22B8A33D80020B4AA /* MyPageProfileView.swift */,
			);
			path = View;
			sourceTree = "<group>";
		};
		77DAE4F82B8A34240020B4AA /* Cell */ = {
			isa = PBXGroup;
			children = (
				77DAE4EE2B8A33D10020B4AA /* MyPageCollectionViewCell.swift */,
				77DAE4EF2B8A33D10020B4AA /* MyPageInfoCell.swift */,
			);
			path = Cell;
			sourceTree = "<group>";
		};
		77DAE4FA2B8A34310020B4AA /* MyPageSetting */ = {
			isa = PBXGroup;
			children = (
				77DAE4EB2B8A33CD0020B4AA /* MyPageSettingViewController.swift */,
			);
			path = MyPageSetting;
			sourceTree = "<group>";
		};
		DBDBA40D2B7F020F004C10C3 /* Model */ = {
			isa = PBXGroup;
			children = (
				DBA97AF92B7EF25F00C4D6BB /* Pet.swift */,
				DBA97AF72B7EF23400C4D6BB /* UserModel.swift */,
			);
			path = Model;
			sourceTree = "<group>";
		};
		DBDBA40E2B7F0219004C10C3 /* Util */ = {
			isa = PBXGroup;
			children = (
				33946F8B2B89F59B00C0EDF3 /* AppConstraint.swift */,
				DBA97B012B7EF47600C4D6BB /* Common.swift */,
				DBA97B052B7EF86600C4D6BB /* CommonUtil.swift */,
				DBA97AF52B7EF20F00C4D6BB /* DataManager.swift */,
				DBDBA4102B7F0244004C10C3 /* Extension */,
			);
			path = Util;
			sourceTree = "<group>";
		};
		DBDBA40F2B7F0220004C10C3 /* ViewController */ = {
			isa = PBXGroup;
			children = (
				DBDBA4132B7F032C004C10C3 /* Tabbar */,
			);
			path = ViewController;
			sourceTree = "<group>";
		};
		DBDBA4102B7F0244004C10C3 /* Extension */ = {
			isa = PBXGroup;
			children = (
				33946F8D2B89F5F600C0EDF3 /* UIViewController+.swift */,
				DBA97B032B7EF82C00C4D6BB /* UIView+Extension.swift */,
				563E617D2B896850006FC307 /* UIImage+Extension.swift */,
				563E617F2B896B88006FC307 /* UIColor+Extension.swift */,
			);
			path = Extension;
			sourceTree = "<group>";
		};
		DBDBA4112B7F0295004C10C3 /* CommonHeaderView */ = {
			isa = PBXGroup;
			children = (
				DBA97AFD2B7EF3BB00C4D6BB /* CommonHeaderView.swift */,
				DBA97AFF2B7EF43300C4D6BB /* CommonHeaderView.xib */,
			);
			path = CommonHeaderView;
			sourceTree = "<group>";
		};
		DBDBA4122B7F02CD004C10C3 /* Base */ = {
			isa = PBXGroup;
			children = (
				DBA97AFB2B7EF39400C4D6BB /* BaseHeaderViewController.swift */,
				DBA97AAD2B7EEB9300C4D6BB /* TabBarController.swift */,
				DBA97AAF2B7EEBEA00C4D6BB /* TabBarView.swift */,
				DBDBA4112B7F0295004C10C3 /* CommonHeaderView */,
			);
			path = Base;
			sourceTree = "<group>";
		};
		DBDBA4132B7F032C004C10C3 /* Tabbar */ = {
			isa = PBXGroup;
			children = (
				77DAE4F62B8A340D0020B4AA /* MyPage */,
				56FD90712B80F44100AAD29B /* Daily */,
				33FE52FA2B89F49000BF1E98 /* Info */,
				DBA97AB52B7EECAB00C4D6BB /* LocationViewController.swift */,
				DBA97AB92B7EEE3200C4D6BB /* BaseViewController.swift */,
				DBA97AF32B7EF1BA00C4D6BB /* IntroViewController.swift */,
				DB4E6A5A2B8A01BF00624E8C /* KakaoMapViewController.swift */,
			);
			path = Tabbar;
			sourceTree = "<group>";
		};
/* End PBXGroup section */

/* Begin PBXNativeTarget section */
		560DFBFF2B7E5B6B00487736 /* Petmily.ios */ = {
			isa = PBXNativeTarget;
			buildConfigurationList = 560DFC142B7E5B7000487736 /* Build configuration list for PBXNativeTarget "Petmily.ios" */;
			buildPhases = (
				560DFBFC2B7E5B6B00487736 /* Sources */,
				560DFBFD2B7E5B6B00487736 /* Frameworks */,
				560DFBFE2B7E5B6B00487736 /* Resources */,
			);
			buildRules = (
			);
			dependencies = (
			);
			name = Petmily.ios;
			packageProductDependencies = (
				DBA97AAB2B7E670600C4D6BB /* SnapKit */,
				DBA97ABC2B7EEF5300C4D6BB /* FirebaseAnalytics */,
				DBA97ABE2B7EEF5300C4D6BB /* FirebaseAnalyticsOnDeviceConversion */,
				DBA97AC02B7EEF5300C4D6BB /* FirebaseAnalyticsSwift */,
				DBA97AC22B7EEF5300C4D6BB /* FirebaseAnalyticsWithoutAdIdSupport */,
				DBA97AC42B7EEF5300C4D6BB /* FirebaseAppCheck */,
				DBA97AC62B7EEF5300C4D6BB /* FirebaseAppDistribution-Beta */,
				DBA97AC82B7EEF5300C4D6BB /* FirebaseAuth */,
				DBA97ACA2B7EEF5300C4D6BB /* FirebaseAuthCombine-Community */,
				DBA97ACC2B7EEF5300C4D6BB /* FirebaseCrashlytics */,
				DBA97ACE2B7EEF5300C4D6BB /* FirebaseDatabase */,
				DBA97AD02B7EEF5300C4D6BB /* FirebaseDatabaseSwift */,
				DBA97AD22B7EEF5300C4D6BB /* FirebaseDynamicLinks */,
				DBA97AD42B7EEF5300C4D6BB /* FirebaseFirestore */,
				DBA97AD62B7EEF5300C4D6BB /* FirebaseFirestoreCombine-Community */,
				DBA97AD82B7EEF5300C4D6BB /* FirebaseFirestoreSwift */,
				DBA97ADA2B7EEF5300C4D6BB /* FirebaseFunctions */,
				DBA97ADC2B7EEF5300C4D6BB /* FirebaseFunctionsCombine-Community */,
				DBA97ADE2B7EEF5300C4D6BB /* FirebaseInAppMessaging-Beta */,
				DBA97AE02B7EEF5300C4D6BB /* FirebaseInAppMessagingSwift-Beta */,
				DBA97AE22B7EEF5300C4D6BB /* FirebaseInstallations */,
				DBA97AE42B7EEF5300C4D6BB /* FirebaseMLModelDownloader */,
				DBA97AE62B7EEF5300C4D6BB /* FirebaseMessaging */,
				DBA97AE82B7EEF5300C4D6BB /* FirebasePerformance */,
				DBA97AEA2B7EEF5300C4D6BB /* FirebaseRemoteConfig */,
				DBA97AEC2B7EEF5300C4D6BB /* FirebaseRemoteConfigSwift */,
				DBA97AEE2B7EEF5300C4D6BB /* FirebaseStorage */,
				DBA97AF02B7EEF5300C4D6BB /* FirebaseStorageCombine-Community */,
				33F7746A2B8059D60044DF28 /* FirebaseAnalytics */,
				33F7746C2B8059D60044DF28 /* FirebaseAnalyticsOnDeviceConversion */,
				33F7746E2B8059D60044DF28 /* FirebaseAnalyticsSwift */,
				33F774702B8059D60044DF28 /* FirebaseAnalyticsWithoutAdIdSupport */,
				33F774722B8059D60044DF28 /* FirebaseAppCheck */,
				33F774742B8059D60044DF28 /* FirebaseAppDistribution-Beta */,
				33F774762B8059D60044DF28 /* FirebaseAuth */,
				33F774782B8059D60044DF28 /* FirebaseAuthCombine-Community */,
				33F7747A2B8059D60044DF28 /* FirebaseCrashlytics */,
				33F7747C2B8059D60044DF28 /* FirebaseDatabase */,
				33F7747E2B8059D60044DF28 /* FirebaseDatabaseSwift */,
				33F774802B8059D60044DF28 /* FirebaseDynamicLinks */,
				33F774822B8059D60044DF28 /* FirebaseFirestore */,
				33F774842B8059D60044DF28 /* FirebaseFirestoreCombine-Community */,
				33F774862B8059D60044DF28 /* FirebaseFirestoreSwift */,
				33F774882B8059D60044DF28 /* FirebaseFunctions */,
				33F7748A2B8059D60044DF28 /* FirebaseFunctionsCombine-Community */,
				33F7748C2B8059D60044DF28 /* FirebaseInAppMessaging-Beta */,
				33F7748E2B8059D60044DF28 /* FirebaseInAppMessagingSwift-Beta */,
				3302417F2B805A070045F56E /* SnapKit */,
				33946F892B89F56E00C0EDF3 /* Kingfisher */,
				DB4E6A582B8A016B00624E8C /* KakaoMapsSDK_SPM */,
			);
			productName = Petmily.ios;
			productReference = 560DFC002B7E5B6B00487736 /* Petmily.ios.app */;
			productType = "com.apple.product-type.application";
		};
/* End PBXNativeTarget section */

/* Begin PBXProject section */
		560DFBF82B7E5B6B00487736 /* Project object */ = {
			isa = PBXProject;
			attributes = {
				BuildIndependentTargetsInParallel = 1;
				LastSwiftUpdateCheck = 1520;
				LastUpgradeCheck = 1520;
				TargetAttributes = {
					560DFBFF2B7E5B6B00487736 = {
						CreatedOnToolsVersion = 15.2;
					};
				};
			};
			buildConfigurationList = 560DFBFB2B7E5B6B00487736 /* Build configuration list for PBXProject "Petmily.ios" */;
			compatibilityVersion = "Xcode 14.0";
			developmentRegion = en;
			hasScannedForEncodings = 0;
			knownRegions = (
				en,
				Base,
			);
			mainGroup = 560DFBF72B7E5B6B00487736;
			packageReferences = (
				DBA97AAA2B7E670600C4D6BB /* XCRemoteSwiftPackageReference "SnapKit" */,
				DBA97ABB2B7EEF5300C4D6BB /* XCRemoteSwiftPackageReference "firebase-ios-sdk" */,
				3302417E2B805A070045F56E /* XCRemoteSwiftPackageReference "SnapKit" */,
				33946F882B89F56E00C0EDF3 /* XCRemoteSwiftPackageReference "Kingfisher" */,
				DB4E6A572B8A016B00624E8C /* XCRemoteSwiftPackageReference "KakaoMapsSDK-SPM" */,
			);
			productRefGroup = 560DFC012B7E5B6B00487736 /* Products */;
			projectDirPath = "";
			projectRoot = "";
			targets = (
				560DFBFF2B7E5B6B00487736 /* Petmily.ios */,
			);
		};
/* End PBXProject section */

/* Begin PBXResourcesBuildPhase section */
		560DFBFE2B7E5B6B00487736 /* Resources */ = {
			isa = PBXResourcesBuildPhase;
			buildActionMask = 2147483647;
			files = (
				560DFC102B7E5B7000487736 /* LaunchScreen.storyboard in Resources */,
				DBDBA4152B7F03F2004C10C3 /* launch-screen.gif in Resources */,
				560DFC0D2B7E5B7000487736 /* Assets.xcassets in Resources */,
				DBDBA40C2B7EFB18004C10C3 /* GoogleService-Info.plist in Resources */,
				DBA97B002B7EF43300C4D6BB /* CommonHeaderView.xib in Resources */,
			);
			runOnlyForDeploymentPostprocessing = 0;
		};
/* End PBXResourcesBuildPhase section */

/* Begin PBXSourcesBuildPhase section */
		560DFBFC2B7E5B6B00487736 /* Sources */ = {
			isa = PBXSourcesBuildPhase;
			buildActionMask = 2147483647;
			files = (
				33FE532D2B89F49000BF1E98 /* InfoSearchViewController.swift in Sources */,
				33FE53332B89F49000BF1E98 /* InfoSection.swift in Sources */,
				563E61882B89A0A8006FC307 /* CommentViewController.swift in Sources */,
				DBA97B022B7EF47600C4D6BB /* Common.swift in Sources */,
				77DAE4F12B8A33D10020B4AA /* MyPageInfoCell.swift in Sources */,
				DBA97AF62B7EF20F00C4D6BB /* DataManager.swift in Sources */,
				33FE53252B89F49000BF1E98 /* InfoViewController.swift in Sources */,
				DBA97AAE2B7EEB9300C4D6BB /* TabBarController.swift in Sources */,
				562351542B80FD61005B2071 /* DailyCollectionViewCell.swift in Sources */,
				DBA97AB22B7EEC8900C4D6BB /* DailyViewController.swift in Sources */,
				33FE53232B89F49000BF1E98 /* InfoPopularCell.swift in Sources */,
				33FE53352B89F49000BF1E98 /* InfoDetailViewModel.swift in Sources */,
				33FE532F2B89F49000BF1E98 /* InfoSearchCategoryHeader.swift in Sources */,
				33FE53222B89F49000BF1E98 /* InfoView.swift in Sources */,
				33FE532A2B89F49000BF1E98 /* InfoSearchView.swift in Sources */,
				DBA97AF82B7EF23400C4D6BB /* UserModel.swift in Sources */,
				CC7AC6B22B89DF0800FA1F8B /* addpageViewController.swift in Sources */,
				33FE53342B89F49000BF1E98 /* InfoDetailView.swift in Sources */,
				33FE53322B89F49000BF1E98 /* PopularInfo.swift in Sources */,
				33FE533A2B89F49000BF1E98 /* InfoDetailCommentHeader.swift in Sources */,
				33FE53302B89F49000BF1E98 /* InfoViewModel.swift in Sources */,
				33FE53362B89F49000BF1E98 /* InfoDetailViewController.swift in Sources */,
				33FE53312B89F49000BF1E98 /* ShareInfo.swift in Sources */,
				DBA97AFA2B7EF25F00C4D6BB /* Pet.swift in Sources */,
				33FE53242B89F49000BF1E98 /* InfoShareCell.swift in Sources */,
				33FE53382B89F49000BF1E98 /* Comment.swift in Sources */,
				33FE53372B89F49000BF1E98 /* InfoDetailCommentCell.swift in Sources */,
				563E617E2B896850006FC307 /* UIImage+Extension.swift in Sources */,
				DB4E6A5B2B8A01BF00624E8C /* KakaoMapViewController.swift in Sources */,
				33FE53262B89F49000BF1E98 /* InfoSearchCategoryCell.swift in Sources */,
				DBA97ABA2B7EEE3200C4D6BB /* BaseViewController.swift in Sources */,
				33FE533E2B89F4B400BF1E98 /* ThemeFont.swift in Sources */,
				33BA6C4E2B7E629D004AA232 /* ThemeColor.swift in Sources */,
				CC7AC6B42B89EB4F00FA1F8B /* registViewController.swift in Sources */,
				33FE532E2B89F49000BF1E98 /* InfoSearchTopicHeader.swift in Sources */,
				33FE53282B89F49000BF1E98 /* InfoSearchViewModel.swift in Sources */,
				560DFC042B7E5B6B00487736 /* AppDelegate.swift in Sources */,
				33FE53392B89F49000BF1E98 /* InfoDetailContentView.swift in Sources */,
				DBA97AB02B7EEBEA00C4D6BB /* TabBarView.swift in Sources */,
				33FE532C2B89F49000BF1E98 /* InfoSearchCollectionView.swift in Sources */,
				33FE533C2B89F49000BF1E98 /* InfoPopularHeader.swift in Sources */,
				77DAE4F02B8A33D10020B4AA /* MyPageCollectionViewCell.swift in Sources */,
				77DAE4F42B8A33D80020B4AA /* MyPageProfileView.swift in Sources */,
				33946F8C2B89F59B00C0EDF3 /* AppConstraint.swift in Sources */,
				33FE53292B89F49000BF1E98 /* InfoSearchSection.swift in Sources */,
				DBA97B042B7EF82C00C4D6BB /* UIView+Extension.swift in Sources */,
				77DAE4EC2B8A33CD0020B4AA /* MyPageSettingViewController.swift in Sources */,
				33FE53272B89F49000BF1E98 /* InfoSearchTopicCell.swift in Sources */,
				563E61802B896B88006FC307 /* UIColor+Extension.swift in Sources */,
				33FE532B2B89F49000BF1E98 /* InfoSearchContentView.swift in Sources */,
				DBA97AFC2B7EF39400C4D6BB /* BaseHeaderViewController.swift in Sources */,
				77DAE4F52B8A33D80020B4AA /* MyPagePostView.swift in Sources */,
				CC7AC6B02B89A07100FA1F8B /* loginViewController.swift in Sources */,
				DBA97AF42B7EF1BA00C4D6BB /* IntroViewController.swift in Sources */,
				33FE533B2B89F49000BF1E98 /* InfoShareHeader.swift in Sources */,
				563E61862B89A0A0006FC307 /* CommentView.swift in Sources */,
				DBA97AFE2B7EF3BB00C4D6BB /* CommonHeaderView.swift in Sources */,
				563E618A2B89A2ED006FC307 /* CommentTableViewCell.swift in Sources */,
				DBA97B062B7EF86600C4D6BB /* CommonUtil.swift in Sources */,
				77DAE4ED2B8A33CD0020B4AA /* MyPageViewController.swift in Sources */,
				56FD90702B80F43B00AAD29B /* DailyView.swift in Sources */,
				33946F8E2B89F5F600C0EDF3 /* UIViewController+.swift in Sources */,
				DBA97AB62B7EECAB00C4D6BB /* LocationViewController.swift in Sources */,
				33BA6C512B7E631B004AA232 /* UIColor+.swift in Sources */,
			);
			runOnlyForDeploymentPostprocessing = 0;
		};
/* End PBXSourcesBuildPhase section */

/* Begin PBXVariantGroup section */
		560DFC0E2B7E5B7000487736 /* LaunchScreen.storyboard */ = {
			isa = PBXVariantGroup;
			children = (
				560DFC0F2B7E5B7000487736 /* Base */,
			);
			name = LaunchScreen.storyboard;
			sourceTree = "<group>";
		};
/* End PBXVariantGroup section */

/* Begin XCBuildConfiguration section */
		560DFC122B7E5B7000487736 /* Debug */ = {
			isa = XCBuildConfiguration;
			buildSettings = {
				ALWAYS_SEARCH_USER_PATHS = NO;
				ASSETCATALOG_COMPILER_GENERATE_SWIFT_ASSET_SYMBOL_EXTENSIONS = YES;
				CLANG_ANALYZER_NONNULL = YES;
				CLANG_ANALYZER_NUMBER_OBJECT_CONVERSION = YES_AGGRESSIVE;
				CLANG_CXX_LANGUAGE_STANDARD = "gnu++20";
				CLANG_ENABLE_MODULES = YES;
				CLANG_ENABLE_OBJC_ARC = YES;
				CLANG_ENABLE_OBJC_WEAK = YES;
				CLANG_WARN_BLOCK_CAPTURE_AUTORELEASING = YES;
				CLANG_WARN_BOOL_CONVERSION = YES;
				CLANG_WARN_COMMA = YES;
				CLANG_WARN_CONSTANT_CONVERSION = YES;
				CLANG_WARN_DEPRECATED_OBJC_IMPLEMENTATIONS = YES;
				CLANG_WARN_DIRECT_OBJC_ISA_USAGE = YES_ERROR;
				CLANG_WARN_DOCUMENTATION_COMMENTS = YES;
				CLANG_WARN_EMPTY_BODY = YES;
				CLANG_WARN_ENUM_CONVERSION = YES;
				CLANG_WARN_INFINITE_RECURSION = YES;
				CLANG_WARN_INT_CONVERSION = YES;
				CLANG_WARN_NON_LITERAL_NULL_CONVERSION = YES;
				CLANG_WARN_OBJC_IMPLICIT_RETAIN_SELF = YES;
				CLANG_WARN_OBJC_LITERAL_CONVERSION = YES;
				CLANG_WARN_OBJC_ROOT_CLASS = YES_ERROR;
				CLANG_WARN_QUOTED_INCLUDE_IN_FRAMEWORK_HEADER = YES;
				CLANG_WARN_RANGE_LOOP_ANALYSIS = YES;
				CLANG_WARN_STRICT_PROTOTYPES = YES;
				CLANG_WARN_SUSPICIOUS_MOVE = YES;
				CLANG_WARN_UNGUARDED_AVAILABILITY = YES_AGGRESSIVE;
				CLANG_WARN_UNREACHABLE_CODE = YES;
				CLANG_WARN__DUPLICATE_METHOD_MATCH = YES;
				COPY_PHASE_STRIP = NO;
				DEBUG_INFORMATION_FORMAT = dwarf;
				ENABLE_STRICT_OBJC_MSGSEND = YES;
				ENABLE_TESTABILITY = YES;
				ENABLE_USER_SCRIPT_SANDBOXING = YES;
				GCC_C_LANGUAGE_STANDARD = gnu17;
				GCC_DYNAMIC_NO_PIC = NO;
				GCC_NO_COMMON_BLOCKS = YES;
				GCC_OPTIMIZATION_LEVEL = 0;
				GCC_PREPROCESSOR_DEFINITIONS = (
					"DEBUG=1",
					"$(inherited)",
				);
				GCC_WARN_64_TO_32_BIT_CONVERSION = YES;
				GCC_WARN_ABOUT_RETURN_TYPE = YES_ERROR;
				GCC_WARN_UNDECLARED_SELECTOR = YES;
				GCC_WARN_UNINITIALIZED_AUTOS = YES_AGGRESSIVE;
				GCC_WARN_UNUSED_FUNCTION = YES;
				GCC_WARN_UNUSED_VARIABLE = YES;
				IPHONEOS_DEPLOYMENT_TARGET = 17.2;
				LOCALIZATION_PREFERS_STRING_CATALOGS = YES;
				MTL_ENABLE_DEBUG_INFO = INCLUDE_SOURCE;
				MTL_FAST_MATH = YES;
				ONLY_ACTIVE_ARCH = YES;
				SDKROOT = iphoneos;
				SWIFT_ACTIVE_COMPILATION_CONDITIONS = "DEBUG $(inherited)";
				SWIFT_OPTIMIZATION_LEVEL = "-Onone";
			};
			name = Debug;
		};
		560DFC132B7E5B7000487736 /* Release */ = {
			isa = XCBuildConfiguration;
			buildSettings = {
				ALWAYS_SEARCH_USER_PATHS = NO;
				ASSETCATALOG_COMPILER_GENERATE_SWIFT_ASSET_SYMBOL_EXTENSIONS = YES;
				CLANG_ANALYZER_NONNULL = YES;
				CLANG_ANALYZER_NUMBER_OBJECT_CONVERSION = YES_AGGRESSIVE;
				CLANG_CXX_LANGUAGE_STANDARD = "gnu++20";
				CLANG_ENABLE_MODULES = YES;
				CLANG_ENABLE_OBJC_ARC = YES;
				CLANG_ENABLE_OBJC_WEAK = YES;
				CLANG_WARN_BLOCK_CAPTURE_AUTORELEASING = YES;
				CLANG_WARN_BOOL_CONVERSION = YES;
				CLANG_WARN_COMMA = YES;
				CLANG_WARN_CONSTANT_CONVERSION = YES;
				CLANG_WARN_DEPRECATED_OBJC_IMPLEMENTATIONS = YES;
				CLANG_WARN_DIRECT_OBJC_ISA_USAGE = YES_ERROR;
				CLANG_WARN_DOCUMENTATION_COMMENTS = YES;
				CLANG_WARN_EMPTY_BODY = YES;
				CLANG_WARN_ENUM_CONVERSION = YES;
				CLANG_WARN_INFINITE_RECURSION = YES;
				CLANG_WARN_INT_CONVERSION = YES;
				CLANG_WARN_NON_LITERAL_NULL_CONVERSION = YES;
				CLANG_WARN_OBJC_IMPLICIT_RETAIN_SELF = YES;
				CLANG_WARN_OBJC_LITERAL_CONVERSION = YES;
				CLANG_WARN_OBJC_ROOT_CLASS = YES_ERROR;
				CLANG_WARN_QUOTED_INCLUDE_IN_FRAMEWORK_HEADER = YES;
				CLANG_WARN_RANGE_LOOP_ANALYSIS = YES;
				CLANG_WARN_STRICT_PROTOTYPES = YES;
				CLANG_WARN_SUSPICIOUS_MOVE = YES;
				CLANG_WARN_UNGUARDED_AVAILABILITY = YES_AGGRESSIVE;
				CLANG_WARN_UNREACHABLE_CODE = YES;
				CLANG_WARN__DUPLICATE_METHOD_MATCH = YES;
				COPY_PHASE_STRIP = NO;
				DEBUG_INFORMATION_FORMAT = "dwarf-with-dsym";
				ENABLE_NS_ASSERTIONS = NO;
				ENABLE_STRICT_OBJC_MSGSEND = YES;
				ENABLE_USER_SCRIPT_SANDBOXING = YES;
				GCC_C_LANGUAGE_STANDARD = gnu17;
				GCC_NO_COMMON_BLOCKS = YES;
				GCC_WARN_64_TO_32_BIT_CONVERSION = YES;
				GCC_WARN_ABOUT_RETURN_TYPE = YES_ERROR;
				GCC_WARN_UNDECLARED_SELECTOR = YES;
				GCC_WARN_UNINITIALIZED_AUTOS = YES_AGGRESSIVE;
				GCC_WARN_UNUSED_FUNCTION = YES;
				GCC_WARN_UNUSED_VARIABLE = YES;
				IPHONEOS_DEPLOYMENT_TARGET = 17.2;
				LOCALIZATION_PREFERS_STRING_CATALOGS = YES;
				MTL_ENABLE_DEBUG_INFO = NO;
				MTL_FAST_MATH = YES;
				SDKROOT = iphoneos;
				SWIFT_COMPILATION_MODE = wholemodule;
				VALIDATE_PRODUCT = YES;
			};
			name = Release;
		};
		560DFC152B7E5B7000487736 /* Debug */ = {
			isa = XCBuildConfiguration;
			buildSettings = {
				ASSETCATALOG_COMPILER_APPICON_NAME = AppIcon;
				ASSETCATALOG_COMPILER_GLOBAL_ACCENT_COLOR_NAME = AccentColor;
				CODE_SIGN_STYLE = Automatic;
				CURRENT_PROJECT_VERSION = 1;
				DEVELOPMENT_TEAM = YRZW7MZ3P5;
				GENERATE_INFOPLIST_FILE = YES;
				INFOPLIST_FILE = Petmily.ios/Info.plist;
				INFOPLIST_KEY_UIApplicationSupportsIndirectInputEvents = YES;
				INFOPLIST_KEY_UILaunchStoryboardName = LaunchScreen;
				INFOPLIST_KEY_UISupportedInterfaceOrientations_iPad = "UIInterfaceOrientationPortrait UIInterfaceOrientationPortraitUpsideDown UIInterfaceOrientationLandscapeLeft UIInterfaceOrientationLandscapeRight";
				INFOPLIST_KEY_UISupportedInterfaceOrientations_iPhone = "UIInterfaceOrientationPortrait UIInterfaceOrientationLandscapeLeft UIInterfaceOrientationLandscapeRight";
				IPHONEOS_DEPLOYMENT_TARGET = 15.0;
				LD_RUNPATH_SEARCH_PATHS = (
					"$(inherited)",
					"@executable_path/Frameworks",
				);
				MARKETING_VERSION = 1.0;
				PRODUCT_BUNDLE_IDENTIFIER = "com.dduta.Petmily.ios.Petmily-ios";
				PRODUCT_NAME = "$(TARGET_NAME)";
				SWIFT_EMIT_LOC_STRINGS = YES;
				SWIFT_VERSION = 5.0;
				TARGETED_DEVICE_FAMILY = "1,2";
			};
			name = Debug;
		};
		560DFC162B7E5B7000487736 /* Release */ = {
			isa = XCBuildConfiguration;
			buildSettings = {
				ASSETCATALOG_COMPILER_APPICON_NAME = AppIcon;
				ASSETCATALOG_COMPILER_GLOBAL_ACCENT_COLOR_NAME = AccentColor;
				CODE_SIGN_STYLE = Automatic;
				CURRENT_PROJECT_VERSION = 1;
				DEVELOPMENT_TEAM = YRZW7MZ3P5;
				GENERATE_INFOPLIST_FILE = YES;
				INFOPLIST_FILE = Petmily.ios/Info.plist;
				INFOPLIST_KEY_UIApplicationSupportsIndirectInputEvents = YES;
				INFOPLIST_KEY_UILaunchStoryboardName = LaunchScreen;
				INFOPLIST_KEY_UISupportedInterfaceOrientations_iPad = "UIInterfaceOrientationPortrait UIInterfaceOrientationPortraitUpsideDown UIInterfaceOrientationLandscapeLeft UIInterfaceOrientationLandscapeRight";
				INFOPLIST_KEY_UISupportedInterfaceOrientations_iPhone = "UIInterfaceOrientationPortrait UIInterfaceOrientationLandscapeLeft UIInterfaceOrientationLandscapeRight";
				IPHONEOS_DEPLOYMENT_TARGET = 15.0;
				LD_RUNPATH_SEARCH_PATHS = (
					"$(inherited)",
					"@executable_path/Frameworks",
				);
				MARKETING_VERSION = 1.0;
				PRODUCT_BUNDLE_IDENTIFIER = "com.dduta.Petmily.ios.Petmily-ios";
				PRODUCT_NAME = "$(TARGET_NAME)";
				SWIFT_EMIT_LOC_STRINGS = YES;
				SWIFT_VERSION = 5.0;
				TARGETED_DEVICE_FAMILY = "1,2";
			};
			name = Release;
		};
/* End XCBuildConfiguration section */

/* Begin XCConfigurationList section */
		560DFBFB2B7E5B6B00487736 /* Build configuration list for PBXProject "Petmily.ios" */ = {
			isa = XCConfigurationList;
			buildConfigurations = (
				560DFC122B7E5B7000487736 /* Debug */,
				560DFC132B7E5B7000487736 /* Release */,
			);
			defaultConfigurationIsVisible = 0;
			defaultConfigurationName = Release;
		};
		560DFC142B7E5B7000487736 /* Build configuration list for PBXNativeTarget "Petmily.ios" */ = {
			isa = XCConfigurationList;
			buildConfigurations = (
				560DFC152B7E5B7000487736 /* Debug */,
				560DFC162B7E5B7000487736 /* Release */,
			);
			defaultConfigurationIsVisible = 0;
			defaultConfigurationName = Release;
		};
/* End XCConfigurationList section */

/* Begin XCRemoteSwiftPackageReference section */
		3302417E2B805A070045F56E /* XCRemoteSwiftPackageReference "SnapKit" */ = {
			isa = XCRemoteSwiftPackageReference;
			repositoryURL = "https://github.com/SnapKit/SnapKit";
			requirement = {
				kind = upToNextMajorVersion;
				minimumVersion = 5.7.0;
			};
		};
		33946F882B89F56E00C0EDF3 /* XCRemoteSwiftPackageReference "Kingfisher" */ = {
			isa = XCRemoteSwiftPackageReference;
			repositoryURL = "https://github.com/onevcat/Kingfisher";
			requirement = {
				kind = upToNextMajorVersion;
				minimumVersion = 7.11.0;
			};
		};
		DB4E6A572B8A016B00624E8C /* XCRemoteSwiftPackageReference "KakaoMapsSDK-SPM" */ = {
			isa = XCRemoteSwiftPackageReference;
			repositoryURL = "https://github.com/kakao-mapsSDK/KakaoMapsSDK-SPM";
			requirement = {
				kind = exactVersion;
				version = 2.6.3;
			};
		};
		DBA97AAA2B7E670600C4D6BB /* XCRemoteSwiftPackageReference "SnapKit" */ = {
			isa = XCRemoteSwiftPackageReference;
			repositoryURL = "https://github.com/SnapKit/SnapKit.git";
		};
		DBA97ABB2B7EEF5300C4D6BB /* XCRemoteSwiftPackageReference "firebase-ios-sdk" */ = {
			isa = XCRemoteSwiftPackageReference;
			repositoryURL = "https://github.com/firebase/firebase-ios-sdk.git";
			requirement = {
				kind = upToNextMajorVersion;
				minimumVersion = 10.21.0;
			};
		};
/* End XCRemoteSwiftPackageReference section */

/* Begin XCSwiftPackageProductDependency section */
		3302417F2B805A070045F56E /* SnapKit */ = {
			isa = XCSwiftPackageProductDependency;
			package = 3302417E2B805A070045F56E /* XCRemoteSwiftPackageReference "SnapKit" */;
			productName = SnapKit;
		};
		33946F892B89F56E00C0EDF3 /* Kingfisher */ = {
			isa = XCSwiftPackageProductDependency;
			package = 33946F882B89F56E00C0EDF3 /* XCRemoteSwiftPackageReference "Kingfisher" */;
			productName = Kingfisher;
		};
		33F7746A2B8059D60044DF28 /* FirebaseAnalytics */ = {
			isa = XCSwiftPackageProductDependency;
			productName = FirebaseAnalytics;
		};
		33F7746C2B8059D60044DF28 /* FirebaseAnalyticsOnDeviceConversion */ = {
			isa = XCSwiftPackageProductDependency;
			productName = FirebaseAnalyticsOnDeviceConversion;
		};
		33F7746E2B8059D60044DF28 /* FirebaseAnalyticsSwift */ = {
			isa = XCSwiftPackageProductDependency;
			productName = FirebaseAnalyticsSwift;
		};
		33F774702B8059D60044DF28 /* FirebaseAnalyticsWithoutAdIdSupport */ = {
			isa = XCSwiftPackageProductDependency;
			productName = FirebaseAnalyticsWithoutAdIdSupport;
		};
		33F774722B8059D60044DF28 /* FirebaseAppCheck */ = {
			isa = XCSwiftPackageProductDependency;
			productName = FirebaseAppCheck;
		};
		33F774742B8059D60044DF28 /* FirebaseAppDistribution-Beta */ = {
			isa = XCSwiftPackageProductDependency;
			productName = "FirebaseAppDistribution-Beta";
		};
		33F774762B8059D60044DF28 /* FirebaseAuth */ = {
			isa = XCSwiftPackageProductDependency;
			productName = FirebaseAuth;
		};
		33F774782B8059D60044DF28 /* FirebaseAuthCombine-Community */ = {
			isa = XCSwiftPackageProductDependency;
			productName = "FirebaseAuthCombine-Community";
		};
		33F7747A2B8059D60044DF28 /* FirebaseCrashlytics */ = {
			isa = XCSwiftPackageProductDependency;
			productName = FirebaseCrashlytics;
		};
		33F7747C2B8059D60044DF28 /* FirebaseDatabase */ = {
			isa = XCSwiftPackageProductDependency;
			productName = FirebaseDatabase;
		};
		33F7747E2B8059D60044DF28 /* FirebaseDatabaseSwift */ = {
			isa = XCSwiftPackageProductDependency;
			productName = FirebaseDatabaseSwift;
		};
		33F774802B8059D60044DF28 /* FirebaseDynamicLinks */ = {
			isa = XCSwiftPackageProductDependency;
			productName = FirebaseDynamicLinks;
		};
		33F774822B8059D60044DF28 /* FirebaseFirestore */ = {
			isa = XCSwiftPackageProductDependency;
			productName = FirebaseFirestore;
		};
		33F774842B8059D60044DF28 /* FirebaseFirestoreCombine-Community */ = {
			isa = XCSwiftPackageProductDependency;
			productName = "FirebaseFirestoreCombine-Community";
		};
		33F774862B8059D60044DF28 /* FirebaseFirestoreSwift */ = {
			isa = XCSwiftPackageProductDependency;
			productName = FirebaseFirestoreSwift;
		};
		33F774882B8059D60044DF28 /* FirebaseFunctions */ = {
			isa = XCSwiftPackageProductDependency;
			productName = FirebaseFunctions;
		};
		33F7748A2B8059D60044DF28 /* FirebaseFunctionsCombine-Community */ = {
			isa = XCSwiftPackageProductDependency;
			productName = "FirebaseFunctionsCombine-Community";
		};
		33F7748C2B8059D60044DF28 /* FirebaseInAppMessaging-Beta */ = {
			isa = XCSwiftPackageProductDependency;
			productName = "FirebaseInAppMessaging-Beta";
		};
		33F7748E2B8059D60044DF28 /* FirebaseInAppMessagingSwift-Beta */ = {
			isa = XCSwiftPackageProductDependency;
			productName = "FirebaseInAppMessagingSwift-Beta";
		};
		DB4E6A582B8A016B00624E8C /* KakaoMapsSDK_SPM */ = {
			isa = XCSwiftPackageProductDependency;
			package = DB4E6A572B8A016B00624E8C /* XCRemoteSwiftPackageReference "KakaoMapsSDK-SPM" */;
			productName = KakaoMapsSDK_SPM;
		};
		DBA97AAB2B7E670600C4D6BB /* SnapKit */ = {
			isa = XCSwiftPackageProductDependency;
			package = DBA97AAA2B7E670600C4D6BB /* XCRemoteSwiftPackageReference "SnapKit" */;
			productName = SnapKit;
		};
		DBA97ABC2B7EEF5300C4D6BB /* FirebaseAnalytics */ = {
			isa = XCSwiftPackageProductDependency;
			package = DBA97ABB2B7EEF5300C4D6BB /* XCRemoteSwiftPackageReference "firebase-ios-sdk" */;
			productName = FirebaseAnalytics;
		};
		DBA97ABE2B7EEF5300C4D6BB /* FirebaseAnalyticsOnDeviceConversion */ = {
			isa = XCSwiftPackageProductDependency;
			package = DBA97ABB2B7EEF5300C4D6BB /* XCRemoteSwiftPackageReference "firebase-ios-sdk" */;
			productName = FirebaseAnalyticsOnDeviceConversion;
		};
		DBA97AC02B7EEF5300C4D6BB /* FirebaseAnalyticsSwift */ = {
			isa = XCSwiftPackageProductDependency;
			package = DBA97ABB2B7EEF5300C4D6BB /* XCRemoteSwiftPackageReference "firebase-ios-sdk" */;
			productName = FirebaseAnalyticsSwift;
		};
		DBA97AC22B7EEF5300C4D6BB /* FirebaseAnalyticsWithoutAdIdSupport */ = {
			isa = XCSwiftPackageProductDependency;
			package = DBA97ABB2B7EEF5300C4D6BB /* XCRemoteSwiftPackageReference "firebase-ios-sdk" */;
			productName = FirebaseAnalyticsWithoutAdIdSupport;
		};
		DBA97AC42B7EEF5300C4D6BB /* FirebaseAppCheck */ = {
			isa = XCSwiftPackageProductDependency;
			package = DBA97ABB2B7EEF5300C4D6BB /* XCRemoteSwiftPackageReference "firebase-ios-sdk" */;
			productName = FirebaseAppCheck;
		};
		DBA97AC62B7EEF5300C4D6BB /* FirebaseAppDistribution-Beta */ = {
			isa = XCSwiftPackageProductDependency;
			package = DBA97ABB2B7EEF5300C4D6BB /* XCRemoteSwiftPackageReference "firebase-ios-sdk" */;
			productName = "FirebaseAppDistribution-Beta";
		};
		DBA97AC82B7EEF5300C4D6BB /* FirebaseAuth */ = {
			isa = XCSwiftPackageProductDependency;
			package = DBA97ABB2B7EEF5300C4D6BB /* XCRemoteSwiftPackageReference "firebase-ios-sdk" */;
			productName = FirebaseAuth;
		};
		DBA97ACA2B7EEF5300C4D6BB /* FirebaseAuthCombine-Community */ = {
			isa = XCSwiftPackageProductDependency;
			package = DBA97ABB2B7EEF5300C4D6BB /* XCRemoteSwiftPackageReference "firebase-ios-sdk" */;
			productName = "FirebaseAuthCombine-Community";
		};
		DBA97ACC2B7EEF5300C4D6BB /* FirebaseCrashlytics */ = {
			isa = XCSwiftPackageProductDependency;
			package = DBA97ABB2B7EEF5300C4D6BB /* XCRemoteSwiftPackageReference "firebase-ios-sdk" */;
			productName = FirebaseCrashlytics;
		};
		DBA97ACE2B7EEF5300C4D6BB /* FirebaseDatabase */ = {
			isa = XCSwiftPackageProductDependency;
			package = DBA97ABB2B7EEF5300C4D6BB /* XCRemoteSwiftPackageReference "firebase-ios-sdk" */;
			productName = FirebaseDatabase;
		};
		DBA97AD02B7EEF5300C4D6BB /* FirebaseDatabaseSwift */ = {
			isa = XCSwiftPackageProductDependency;
			package = DBA97ABB2B7EEF5300C4D6BB /* XCRemoteSwiftPackageReference "firebase-ios-sdk" */;
			productName = FirebaseDatabaseSwift;
		};
		DBA97AD22B7EEF5300C4D6BB /* FirebaseDynamicLinks */ = {
			isa = XCSwiftPackageProductDependency;
			package = DBA97ABB2B7EEF5300C4D6BB /* XCRemoteSwiftPackageReference "firebase-ios-sdk" */;
			productName = FirebaseDynamicLinks;
		};
		DBA97AD42B7EEF5300C4D6BB /* FirebaseFirestore */ = {
			isa = XCSwiftPackageProductDependency;
			package = DBA97ABB2B7EEF5300C4D6BB /* XCRemoteSwiftPackageReference "firebase-ios-sdk" */;
			productName = FirebaseFirestore;
		};
		DBA97AD62B7EEF5300C4D6BB /* FirebaseFirestoreCombine-Community */ = {
			isa = XCSwiftPackageProductDependency;
			package = DBA97ABB2B7EEF5300C4D6BB /* XCRemoteSwiftPackageReference "firebase-ios-sdk" */;
			productName = "FirebaseFirestoreCombine-Community";
		};
		DBA97AD82B7EEF5300C4D6BB /* FirebaseFirestoreSwift */ = {
			isa = XCSwiftPackageProductDependency;
			package = DBA97ABB2B7EEF5300C4D6BB /* XCRemoteSwiftPackageReference "firebase-ios-sdk" */;
			productName = FirebaseFirestoreSwift;
		};
		DBA97ADA2B7EEF5300C4D6BB /* FirebaseFunctions */ = {
			isa = XCSwiftPackageProductDependency;
			package = DBA97ABB2B7EEF5300C4D6BB /* XCRemoteSwiftPackageReference "firebase-ios-sdk" */;
			productName = FirebaseFunctions;
		};
		DBA97ADC2B7EEF5300C4D6BB /* FirebaseFunctionsCombine-Community */ = {
			isa = XCSwiftPackageProductDependency;
			package = DBA97ABB2B7EEF5300C4D6BB /* XCRemoteSwiftPackageReference "firebase-ios-sdk" */;
			productName = "FirebaseFunctionsCombine-Community";
		};
		DBA97ADE2B7EEF5300C4D6BB /* FirebaseInAppMessaging-Beta */ = {
			isa = XCSwiftPackageProductDependency;
			package = DBA97ABB2B7EEF5300C4D6BB /* XCRemoteSwiftPackageReference "firebase-ios-sdk" */;
			productName = "FirebaseInAppMessaging-Beta";
		};
		DBA97AE02B7EEF5300C4D6BB /* FirebaseInAppMessagingSwift-Beta */ = {
			isa = XCSwiftPackageProductDependency;
			package = DBA97ABB2B7EEF5300C4D6BB /* XCRemoteSwiftPackageReference "firebase-ios-sdk" */;
			productName = "FirebaseInAppMessagingSwift-Beta";
		};
		DBA97AE22B7EEF5300C4D6BB /* FirebaseInstallations */ = {
			isa = XCSwiftPackageProductDependency;
			package = DBA97ABB2B7EEF5300C4D6BB /* XCRemoteSwiftPackageReference "firebase-ios-sdk" */;
			productName = FirebaseInstallations;
		};
		DBA97AE42B7EEF5300C4D6BB /* FirebaseMLModelDownloader */ = {
			isa = XCSwiftPackageProductDependency;
			package = DBA97ABB2B7EEF5300C4D6BB /* XCRemoteSwiftPackageReference "firebase-ios-sdk" */;
			productName = FirebaseMLModelDownloader;
		};
		DBA97AE62B7EEF5300C4D6BB /* FirebaseMessaging */ = {
			isa = XCSwiftPackageProductDependency;
			package = DBA97ABB2B7EEF5300C4D6BB /* XCRemoteSwiftPackageReference "firebase-ios-sdk" */;
			productName = FirebaseMessaging;
		};
		DBA97AE82B7EEF5300C4D6BB /* FirebasePerformance */ = {
			isa = XCSwiftPackageProductDependency;
			package = DBA97ABB2B7EEF5300C4D6BB /* XCRemoteSwiftPackageReference "firebase-ios-sdk" */;
			productName = FirebasePerformance;
		};
		DBA97AEA2B7EEF5300C4D6BB /* FirebaseRemoteConfig */ = {
			isa = XCSwiftPackageProductDependency;
			package = DBA97ABB2B7EEF5300C4D6BB /* XCRemoteSwiftPackageReference "firebase-ios-sdk" */;
			productName = FirebaseRemoteConfig;
		};
		DBA97AEC2B7EEF5300C4D6BB /* FirebaseRemoteConfigSwift */ = {
			isa = XCSwiftPackageProductDependency;
			package = DBA97ABB2B7EEF5300C4D6BB /* XCRemoteSwiftPackageReference "firebase-ios-sdk" */;
			productName = FirebaseRemoteConfigSwift;
		};
		DBA97AEE2B7EEF5300C4D6BB /* FirebaseStorage */ = {
			isa = XCSwiftPackageProductDependency;
			package = DBA97ABB2B7EEF5300C4D6BB /* XCRemoteSwiftPackageReference "firebase-ios-sdk" */;
			productName = FirebaseStorage;
		};
		DBA97AF02B7EEF5300C4D6BB /* FirebaseStorageCombine-Community */ = {
			isa = XCSwiftPackageProductDependency;
			package = DBA97ABB2B7EEF5300C4D6BB /* XCRemoteSwiftPackageReference "firebase-ios-sdk" */;
			productName = "FirebaseStorageCombine-Community";
		};
/* End XCSwiftPackageProductDependency section */
	};
	rootObject = 560DFBF82B7E5B6B00487736 /* Project object */;
}
